// !$*UTF8*$!
{
	archiveVersion = 1;
	classes = {
	};
	objectVersion = 56;
	objects = {

/* Begin PBXBuildFile section */
		0109C9B02A333CC300544C9C /* TeamCell.swift in Sources */ = {isa = PBXBuildFile; fileRef = 0109C9AF2A333CC300544C9C /* TeamCell.swift */; };
		0109C9B22A333CF200544C9C /* TeamCenterDetailsView.swift in Sources */ = {isa = PBXBuildFile; fileRef = 0109C9B12A333CF200544C9C /* TeamCenterDetailsView.swift */; };
		0109C9B42A333D5100544C9C /* ActivityTypeDetailsView.swift in Sources */ = {isa = PBXBuildFile; fileRef = 0109C9B32A333D5100544C9C /* ActivityTypeDetailsView.swift */; };
		0109C9B82A333DEB00544C9C /* SessionCenterWidget.swift in Sources */ = {isa = PBXBuildFile; fileRef = 0109C9B72A333DEB00544C9C /* SessionCenterWidget.swift */; };
		0109C9BA2A333DF600544C9C /* SessionCell.swift in Sources */ = {isa = PBXBuildFile; fileRef = 0109C9B92A333DF600544C9C /* SessionCell.swift */; };
		0109C9BC2A333E0E00544C9C /* SessionCenterDetails.swift in Sources */ = {isa = PBXBuildFile; fileRef = 0109C9BB2A333E0E00544C9C /* SessionCenterDetails.swift */; };
		0109C9BE2A3340D500544C9C /* DogCenterWidget.swift in Sources */ = {isa = PBXBuildFile; fileRef = 0109C9BD2A3340D500544C9C /* DogCenterWidget.swift */; };
		0109C9C02A3340E000544C9C /* DogCenterDetails.swift in Sources */ = {isa = PBXBuildFile; fileRef = 0109C9BF2A3340E000544C9C /* DogCenterDetails.swift */; };
		0109C9C22A3340EE00544C9C /* DogItem.swift in Sources */ = {isa = PBXBuildFile; fileRef = 0109C9C12A3340EE00544C9C /* DogItem.swift */; };
		010E1E0E2A3207BA002E0DD1 /* ColorConstants.swift in Sources */ = {isa = PBXBuildFile; fileRef = 010E1E0D2A3207BA002E0DD1 /* ColorConstants.swift */; };
		010E1E102A3207C9002E0DD1 /* ImagesConstants.swift in Sources */ = {isa = PBXBuildFile; fileRef = 010E1E0F2A3207C9002E0DD1 /* ImagesConstants.swift */; };
		010E1E142A320994002E0DD1 /* TokensResponseModel.swift in Sources */ = {isa = PBXBuildFile; fileRef = 010E1E132A320994002E0DD1 /* TokensResponseModel.swift */; };
		010E1E162A321028002E0DD1 /* RegisterCredentials.swift in Sources */ = {isa = PBXBuildFile; fileRef = 010E1E152A321028002E0DD1 /* RegisterCredentials.swift */; };
		010E1E1D2A326F34002E0DD1 /* PaymentRequestModel.swift in Sources */ = {isa = PBXBuildFile; fileRef = 010E1E1C2A326F34002E0DD1 /* PaymentRequestModel.swift */; };
		010E1E1F2A326F40002E0DD1 /* PaymentResponseModel.swift in Sources */ = {isa = PBXBuildFile; fileRef = 010E1E1E2A326F40002E0DD1 /* PaymentResponseModel.swift */; };
		0116F3862A51C181003C427B /* SessionCreateModel.swift in Sources */ = {isa = PBXBuildFile; fileRef = 0116F3852A51C181003C427B /* SessionCreateModel.swift */; };
		012BF7432A33552500A4C266 /* ActivityListView.swift in Sources */ = {isa = PBXBuildFile; fileRef = 012BF7422A33552500A4C266 /* ActivityListView.swift */; };
		012BF7452A33553500A4C266 /* ActivityListViewModel.swift in Sources */ = {isa = PBXBuildFile; fileRef = 012BF7442A33553500A4C266 /* ActivityListViewModel.swift */; };
		012BF7472A33554C00A4C266 /* ActivityListWidget.swift in Sources */ = {isa = PBXBuildFile; fileRef = 012BF7462A33554C00A4C266 /* ActivityListWidget.swift */; };
		014E3FE62A348B55007C4E2F /* ProfileForm.swift in Sources */ = {isa = PBXBuildFile; fileRef = 014E3FE52A348B55007C4E2F /* ProfileForm.swift */; };
		014E3FE92A374377007C4E2F /* LoginModel.swift in Sources */ = {isa = PBXBuildFile; fileRef = 014E3FE82A374377007C4E2F /* LoginModel.swift */; };
		014E3FEC2A386EF2007C4E2F /* Interceptor in Frameworks */ = {isa = PBXBuildFile; productRef = 014E3FEB2A386EF2007C4E2F /* Interceptor */; };
		014E3FEE2A38B94C007C4E2F /* ApiConstants.swift in Sources */ = {isa = PBXBuildFile; fileRef = 014E3FED2A38B94C007C4E2F /* ApiConstants.swift */; };
		0154ACE52A39109900622587 /* MainRepository.swift in Sources */ = {isa = PBXBuildFile; fileRef = 0154ACE42A39109900622587 /* MainRepository.swift */; };
		0154ACE72A39AB9F00622587 /* UserRepository.swift in Sources */ = {isa = PBXBuildFile; fileRef = 0154ACE62A39AB9F00622587 /* UserRepository.swift */; };
		0154ACE92A39ABAC00622587 /* SessionRepository.swift in Sources */ = {isa = PBXBuildFile; fileRef = 0154ACE82A39ABAC00622587 /* SessionRepository.swift */; };
		0154ACEB2A39ABCA00622587 /* EstablishmentRepository.swift in Sources */ = {isa = PBXBuildFile; fileRef = 0154ACEA2A39ABCA00622587 /* EstablishmentRepository.swift */; };
		0154ACED2A39ABEC00622587 /* HolidaysRepository.swift in Sources */ = {isa = PBXBuildFile; fileRef = 0154ACEC2A39ABEC00622587 /* HolidaysRepository.swift */; };
		0154ACEF2A39ABFD00622587 /* PaymentsRepository.swift in Sources */ = {isa = PBXBuildFile; fileRef = 0154ACEE2A39ABFD00622587 /* PaymentsRepository.swift */; };
		0154ACF12A39AC1800622587 /* ReservationsRepository.swift in Sources */ = {isa = PBXBuildFile; fileRef = 0154ACF02A39AC1800622587 /* ReservationsRepository.swift */; };
		0154ACF32A39AC7B00622587 /* ObservationsRepository.swift in Sources */ = {isa = PBXBuildFile; fileRef = 0154ACF22A39AC7B00622587 /* ObservationsRepository.swift */; };
		0154ACF52A39AC9200622587 /* DogsRepository.swift in Sources */ = {isa = PBXBuildFile; fileRef = 0154ACF42A39AC9200622587 /* DogsRepository.swift */; };
		0154ACF72A39ACAB00622587 /* ActivitiesRepository.swift in Sources */ = {isa = PBXBuildFile; fileRef = 0154ACF62A39ACAB00622587 /* ActivitiesRepository.swift */; };
		0154ACF92A3A53AD00622587 /* LoginRequest.swift in Sources */ = {isa = PBXBuildFile; fileRef = 0154ACF82A3A53AD00622587 /* LoginRequest.swift */; };
		01AE58732A4B1BDC00EE3106 /* String.swift in Sources */ = {isa = PBXBuildFile; fileRef = 01AE58722A4B1BDC00EE3106 /* String.swift */; };
		01AE58772A4D7F2E00EE3106 /* SessionDetails.swift in Sources */ = {isa = PBXBuildFile; fileRef = 01AE58762A4D7F2E00EE3106 /* SessionDetails.swift */; };
		01AE58792A4DC1C400EE3106 /* SessionCard.swift in Sources */ = {isa = PBXBuildFile; fileRef = 01AE58782A4DC1C400EE3106 /* SessionCard.swift */; };
		01AE587C2A4DC6FD00EE3106 /* EasySkeleton in Frameworks */ = {isa = PBXBuildFile; productRef = 01AE587B2A4DC6FD00EE3106 /* EasySkeleton */; };
		01AE587E2A4E0D9100EE3106 /* DailySessions.swift in Sources */ = {isa = PBXBuildFile; fileRef = 01AE587D2A4E0D9100EE3106 /* DailySessions.swift */; };
		01CC72AB2A407DD3006433CE /* SplashView.swift in Sources */ = {isa = PBXBuildFile; fileRef = 01CC72AA2A407DD3006433CE /* SplashView.swift */; };
		01CC72AE2A408973006433CE /* Lottie in Frameworks */ = {isa = PBXBuildFile; productRef = 01CC72AD2A408973006433CE /* Lottie */; };
		01CC72B02A40A956006433CE /* splash_view_gestidogs.json in Resources */ = {isa = PBXBuildFile; fileRef = 01CC72AF2A40A956006433CE /* splash_view_gestidogs.json */; };
		01CC72B22A40D566006433CE /* NewEstablishmentForm.swift in Sources */ = {isa = PBXBuildFile; fileRef = 01CC72B12A40D566006433CE /* NewEstablishmentForm.swift */; };
		01CC72B42A41AFD2006433CE /* NewDogForm.swift in Sources */ = {isa = PBXBuildFile; fileRef = 01CC72B32A41AFD2006433CE /* NewDogForm.swift */; };
		01CC72B92A41B386006433CE /* TeamListView.swift in Sources */ = {isa = PBXBuildFile; fileRef = 01CC72B82A41B386006433CE /* TeamListView.swift */; };
		01CC72BB2A41B39B006433CE /* TeamListViewModel.swift in Sources */ = {isa = PBXBuildFile; fileRef = 01CC72BA2A41B39B006433CE /* TeamListViewModel.swift */; };
		01CC72BD2A41B3A9006433CE /* TeamListWidget.swift in Sources */ = {isa = PBXBuildFile; fileRef = 01CC72BC2A41B3A9006433CE /* TeamListWidget.swift */; };
		01E7D6822A2B65290054C16A /* OnboardingWidget.swift in Sources */ = {isa = PBXBuildFile; fileRef = 01E7D6812A2B65290054C16A /* OnboardingWidget.swift */; };
		01E7D6842A2B65390054C16A /* OnboardingView.swift in Sources */ = {isa = PBXBuildFile; fileRef = 01E7D6832A2B65390054C16A /* OnboardingView.swift */; };
		01E7D6862A2B654B0054C16A /* OnboardingViewModel.swift in Sources */ = {isa = PBXBuildFile; fileRef = 01E7D6852A2B654B0054C16A /* OnboardingViewModel.swift */; };
		01E7D6892A2B657E0054C16A /* Extension.swift in Sources */ = {isa = PBXBuildFile; fileRef = 01E7D6882A2B657E0054C16A /* Extension.swift */; };
		5F04A69A2A30D186000E2AD9 /* NetworkError.swift in Sources */ = {isa = PBXBuildFile; fileRef = 5F04A6992A30D186000E2AD9 /* NetworkError.swift */; };
		5F157BFE2A27744800B4C2FE /* DashboardWidget.swift in Sources */ = {isa = PBXBuildFile; fileRef = 5F157BFD2A27744800B4C2FE /* DashboardWidget.swift */; };
		5F157C002A27745500B4C2FE /* DashboardView.swift in Sources */ = {isa = PBXBuildFile; fileRef = 5F157BFF2A27745500B4C2FE /* DashboardView.swift */; };
		5F157C022A27746F00B4C2FE /* DashboardViewModel.swift in Sources */ = {isa = PBXBuildFile; fileRef = 5F157C012A27746F00B4C2FE /* DashboardViewModel.swift */; };
		5F157C082A27771900B4C2FE /* HolidaysWidget.swift in Sources */ = {isa = PBXBuildFile; fileRef = 5F157C072A27771900B4C2FE /* HolidaysWidget.swift */; };
		5F157C0A2A27772800B4C2FE /* HolidaysViewModel.swift in Sources */ = {isa = PBXBuildFile; fileRef = 5F157C092A27772800B4C2FE /* HolidaysViewModel.swift */; };
		5F157C0C2A27773A00B4C2FE /* HolidaysView.swift in Sources */ = {isa = PBXBuildFile; fileRef = 5F157C0B2A27773A00B4C2FE /* HolidaysView.swift */; };
		5F157C112A2777A800B4C2FE /* ProfileWidget.swift in Sources */ = {isa = PBXBuildFile; fileRef = 5F157C102A2777A800B4C2FE /* ProfileWidget.swift */; };
		5F157C132A2777B800B4C2FE /* ProfileViewModel.swift in Sources */ = {isa = PBXBuildFile; fileRef = 5F157C122A2777B800B4C2FE /* ProfileViewModel.swift */; };
		5F157C152A2777CB00B4C2FE /* ProfileView.swift in Sources */ = {isa = PBXBuildFile; fileRef = 5F157C142A2777CB00B4C2FE /* ProfileView.swift */; };
		5F157C172A27780300B4C2FE /* HolidaysResponseModel.swift in Sources */ = {isa = PBXBuildFile; fileRef = 5F157C162A27780300B4C2FE /* HolidaysResponseModel.swift */; };
		5F157C202A277BDC00B4C2FE /* ActivityTypeResponseModel.swift in Sources */ = {isa = PBXBuildFile; fileRef = 5F157C1F2A277BDC00B4C2FE /* ActivityTypeResponseModel.swift */; };
		5F157C222A277BF300B4C2FE /* ActivityTypeRequestModel.swift in Sources */ = {isa = PBXBuildFile; fileRef = 5F157C212A277BF300B4C2FE /* ActivityTypeRequestModel.swift */; };
		5F157C242A277C2100B4C2FE /* EstablishmentResponseModel.swift in Sources */ = {isa = PBXBuildFile; fileRef = 5F157C232A277C2100B4C2FE /* EstablishmentResponseModel.swift */; };
		5F157C262A277C3000B4C2FE /* EstablishmentRequestModel.swift in Sources */ = {isa = PBXBuildFile; fileRef = 5F157C252A277C3000B4C2FE /* EstablishmentRequestModel.swift */; };
		5F157C282A277C4500B4C2FE /* UserResponseModel.swift in Sources */ = {isa = PBXBuildFile; fileRef = 5F157C272A277C4500B4C2FE /* UserResponseModel.swift */; };
		5F157C2A2A277C5700B4C2FE /* UserRequestModel.swift in Sources */ = {isa = PBXBuildFile; fileRef = 5F157C292A277C5700B4C2FE /* UserRequestModel.swift */; };
		5F157C2C2A277C6A00B4C2FE /* ReservationResponseModel.swift in Sources */ = {isa = PBXBuildFile; fileRef = 5F157C2B2A277C6A00B4C2FE /* ReservationResponseModel.swift */; };
		5F157C2E2A277C8700B4C2FE /* ReservationRequestModel.swift in Sources */ = {isa = PBXBuildFile; fileRef = 5F157C2D2A277C8700B4C2FE /* ReservationRequestModel.swift */; };
		5F157C302A277C9600B4C2FE /* SessionResponseModel.swift in Sources */ = {isa = PBXBuildFile; fileRef = 5F157C2F2A277C9600B4C2FE /* SessionResponseModel.swift */; };
		5F157C322A277CA700B4C2FE /* SessionRequestModel.swift in Sources */ = {isa = PBXBuildFile; fileRef = 5F157C312A277CA700B4C2FE /* SessionRequestModel.swift */; };
		5F157C342A277CCB00B4C2FE /* DogsResponseModel.swift in Sources */ = {isa = PBXBuildFile; fileRef = 5F157C332A277CCB00B4C2FE /* DogsResponseModel.swift */; };
		5F157C362A277CDA00B4C2FE /* DogsRequestModel.swift in Sources */ = {isa = PBXBuildFile; fileRef = 5F157C352A277CDA00B4C2FE /* DogsRequestModel.swift */; };
		5F157C382A277CF100B4C2FE /* HolidaysRequestModel.swift in Sources */ = {isa = PBXBuildFile; fileRef = 5F157C372A277CF100B4C2FE /* HolidaysRequestModel.swift */; };
		5F157C3A2A278FA700B4C2FE /* ApiManager.swift in Sources */ = {isa = PBXBuildFile; fileRef = 5F157C392A278FA700B4C2FE /* ApiManager.swift */; };
		5F157C3C2A278FCE00B4C2FE /* UserManager.swift in Sources */ = {isa = PBXBuildFile; fileRef = 5F157C3B2A278FCE00B4C2FE /* UserManager.swift */; };
		5F157C3E2A278FDB00B4C2FE /* EstablishmentManager.swift in Sources */ = {isa = PBXBuildFile; fileRef = 5F157C3D2A278FDB00B4C2FE /* EstablishmentManager.swift */; };
		5F157C402A2790FA00B4C2FE /* HolidaysManagerView.swift in Sources */ = {isa = PBXBuildFile; fileRef = 5F157C3F2A2790FA00B4C2FE /* HolidaysManagerView.swift */; };
		5F157C422A27910C00B4C2FE /* HolidaysEducatorView.swift in Sources */ = {isa = PBXBuildFile; fileRef = 5F157C412A27910C00B4C2FE /* HolidaysEducatorView.swift */; };
		5F157C452A2791E800B4C2FE /* NavBar.swift in Sources */ = {isa = PBXBuildFile; fileRef = 5F157C442A2791E800B4C2FE /* NavBar.swift */; };
		5F32C5AC2A2896180034AB6F /* AgendaUIViewRepresentable.swift in Sources */ = {isa = PBXBuildFile; fileRef = 5F32C5AB2A2896180034AB6F /* AgendaUIViewRepresentable.swift */; };
		5F32C5AE2A28AA340034AB6F /* TeamCenterWidget.swift in Sources */ = {isa = PBXBuildFile; fileRef = 5F32C5AD2A28AA340034AB6F /* TeamCenterWidget.swift */; };
		5F32C5B02A28AA460034AB6F /* ActivityTypeWidget.swift in Sources */ = {isa = PBXBuildFile; fileRef = 5F32C5AF2A28AA460034AB6F /* ActivityTypeWidget.swift */; };
		5F32C5B42A28CC100034AB6F /* DogsListViewModel.swift in Sources */ = {isa = PBXBuildFile; fileRef = 5F32C5B32A28CC100034AB6F /* DogsListViewModel.swift */; };
		5F32C5B72A28CC8A0034AB6F /* DogsListView.swift in Sources */ = {isa = PBXBuildFile; fileRef = 5F32C5B62A28CC8A0034AB6F /* DogsListView.swift */; };
		5F32C5BA2A28CCA30034AB6F /* DogsListWidget.swift in Sources */ = {isa = PBXBuildFile; fileRef = 5F32C5B92A28CCA30034AB6F /* DogsListWidget.swift */; };
		5F32C5BC2A28E36D0034AB6F /* ActivityCellWidget.swift in Sources */ = {isa = PBXBuildFile; fileRef = 5F32C5BB2A28E36D0034AB6F /* ActivityCellWidget.swift */; };
		5F3A32502A4488B900619AF6 /* NewSessionForm.swift in Sources */ = {isa = PBXBuildFile; fileRef = 5F3A324F2A4488B900619AF6 /* NewSessionForm.swift */; };
		5F3A32522A471C5E00619AF6 /* Date.swift in Sources */ = {isa = PBXBuildFile; fileRef = 5F3A32512A471C5E00619AF6 /* Date.swift */; };
		5F743ADC2A2F63E50023D22D /* EmailPasswordFields.swift in Sources */ = {isa = PBXBuildFile; fileRef = 5F743ADB2A2F63E50023D22D /* EmailPasswordFields.swift */; };
		5F825F2E2A2F2457001C6EB5 /* TeamMateWidget.swift in Sources */ = {isa = PBXBuildFile; fileRef = 5F825F2D2A2F2456001C6EB5 /* TeamMateWidget.swift */; };
		5F825F312A2F257A001C6EB5 /* TeamMateDetailsView.swift in Sources */ = {isa = PBXBuildFile; fileRef = 5F825F302A2F257A001C6EB5 /* TeamMateDetailsView.swift */; };
		5F8BFD172A262CE70007E367 /* GestidogsApp.swift in Sources */ = {isa = PBXBuildFile; fileRef = 5F8BFD162A262CE70007E367 /* GestidogsApp.swift */; };
		5F8BFD1B2A262CE90007E367 /* Assets.xcassets in Resources */ = {isa = PBXBuildFile; fileRef = 5F8BFD1A2A262CE90007E367 /* Assets.xcassets */; };
		5F8BFD1E2A262CE90007E367 /* Preview Assets.xcassets in Resources */ = {isa = PBXBuildFile; fileRef = 5F8BFD1D2A262CE90007E367 /* Preview Assets.xcassets */; };
		5F8BFD2F2A262DCE0007E367 /* AppState.swift in Sources */ = {isa = PBXBuildFile; fileRef = 5F8BFD2E2A262DCE0007E367 /* AppState.swift */; };
		5F8BFD342A262DFE0007E367 /* HomeViewModel.swift in Sources */ = {isa = PBXBuildFile; fileRef = 5F8BFD332A262DFE0007E367 /* HomeViewModel.swift */; };
		5F8BFD362A262E0C0007E367 /* HomeView.swift in Sources */ = {isa = PBXBuildFile; fileRef = 5F8BFD352A262E0C0007E367 /* HomeView.swift */; };
		5F8BFD382A262E1B0007E367 /* HomeWidget.swift in Sources */ = {isa = PBXBuildFile; fileRef = 5F8BFD372A262E1B0007E367 /* HomeWidget.swift */; };
		5F8BFD402A262E640007E367 /* AgendaWidget.swift in Sources */ = {isa = PBXBuildFile; fileRef = 5F8BFD3F2A262E640007E367 /* AgendaWidget.swift */; };
		5F8BFD422A262ED30007E367 /* AgendaView.swift in Sources */ = {isa = PBXBuildFile; fileRef = 5F8BFD412A262ED30007E367 /* AgendaView.swift */; };
		5F8BFD442A262F380007E367 /* AgendaViewModel.swift in Sources */ = {isa = PBXBuildFile; fileRef = 5F8BFD432A262F380007E367 /* AgendaViewModel.swift */; };
		5F8C93332A2A19A000F39770 /* ChooseOrCreateEstablishmentView.swift in Sources */ = {isa = PBXBuildFile; fileRef = 5F8C93322A2A19A000F39770 /* ChooseOrCreateEstablishmentView.swift */; };
		5F8C93352A2A19B500F39770 /* ChooseOrCreateEstablishmentViewModel.swift in Sources */ = {isa = PBXBuildFile; fileRef = 5F8C93342A2A19B500F39770 /* ChooseOrCreateEstablishmentViewModel.swift */; };
		5F8C93372A2A19C800F39770 /* ChooseOrCreateEstablishmentWidget.swift in Sources */ = {isa = PBXBuildFile; fileRef = 5F8C93362A2A19C800F39770 /* ChooseOrCreateEstablishmentWidget.swift */; };
		5F8C933E2A2A1A1300F39770 /* LoginView.swift in Sources */ = {isa = PBXBuildFile; fileRef = 5F8C933D2A2A1A1300F39770 /* LoginView.swift */; };
		5F8C93402A2A1A2100F39770 /* LoginWidget.swift in Sources */ = {isa = PBXBuildFile; fileRef = 5F8C933F2A2A1A2100F39770 /* LoginWidget.swift */; };
		5F8C93422A2A1A3200F39770 /* LoginViewModel.swift in Sources */ = {isa = PBXBuildFile; fileRef = 5F8C93412A2A1A3200F39770 /* LoginViewModel.swift */; };
		5F8C93472A2A1A5400F39770 /* RegisterView.swift in Sources */ = {isa = PBXBuildFile; fileRef = 5F8C93462A2A1A5400F39770 /* RegisterView.swift */; };
		5F8C93492A2A1A6200F39770 /* RegisterWidget.swift in Sources */ = {isa = PBXBuildFile; fileRef = 5F8C93482A2A1A6200F39770 /* RegisterWidget.swift */; };
		5F8C934B2A2A1A7000F39770 /* RegisterViewModel.swift in Sources */ = {isa = PBXBuildFile; fileRef = 5F8C934A2A2A1A7000F39770 /* RegisterViewModel.swift */; };
		5F8C93512A2A1B2200F39770 /* NotificationsViewModel.swift in Sources */ = {isa = PBXBuildFile; fileRef = 5F8C93502A2A1B2200F39770 /* NotificationsViewModel.swift */; };
		5F8C93532A2A1B2F00F39770 /* NotificationsWidget.swift in Sources */ = {isa = PBXBuildFile; fileRef = 5F8C93522A2A1B2F00F39770 /* NotificationsWidget.swift */; };
		5F8C93552A2A1B4700F39770 /* NotificationsView.swift in Sources */ = {isa = PBXBuildFile; fileRef = 5F8C93542A2A1B4700F39770 /* NotificationsView.swift */; };
		5FC9225E2A30AC0500E78516 /* ObservationRequestModel.swift in Sources */ = {isa = PBXBuildFile; fileRef = 5FC9225D2A30AC0500E78516 /* ObservationRequestModel.swift */; };
		5FC922602A30AC1400E78516 /* ObservationResponseModel.swift in Sources */ = {isa = PBXBuildFile; fileRef = 5FC9225F2A30AC1400E78516 /* ObservationResponseModel.swift */; };
		73BA4BF43F202F1C07B963C5 /* Pods_Gestidogs.framework in Frameworks */ = {isa = PBXBuildFile; fileRef = D4E2F9E6D142D9063B9313C1 /* Pods_Gestidogs.framework */; };
/* End PBXBuildFile section */

/* Begin PBXFileReference section */
		0109C9AF2A333CC300544C9C /* TeamCell.swift */ = {isa = PBXFileReference; lastKnownFileType = sourcecode.swift; path = TeamCell.swift; sourceTree = "<group>"; };
		0109C9B12A333CF200544C9C /* TeamCenterDetailsView.swift */ = {isa = PBXFileReference; lastKnownFileType = sourcecode.swift; path = TeamCenterDetailsView.swift; sourceTree = "<group>"; };
		0109C9B32A333D5100544C9C /* ActivityTypeDetailsView.swift */ = {isa = PBXFileReference; lastKnownFileType = sourcecode.swift; path = ActivityTypeDetailsView.swift; sourceTree = "<group>"; };
		0109C9B72A333DEB00544C9C /* SessionCenterWidget.swift */ = {isa = PBXFileReference; lastKnownFileType = sourcecode.swift; path = SessionCenterWidget.swift; sourceTree = "<group>"; };
		0109C9B92A333DF600544C9C /* SessionCell.swift */ = {isa = PBXFileReference; lastKnownFileType = sourcecode.swift; path = SessionCell.swift; sourceTree = "<group>"; };
		0109C9BB2A333E0E00544C9C /* SessionCenterDetails.swift */ = {isa = PBXFileReference; lastKnownFileType = sourcecode.swift; path = SessionCenterDetails.swift; sourceTree = "<group>"; };
		0109C9BD2A3340D500544C9C /* DogCenterWidget.swift */ = {isa = PBXFileReference; lastKnownFileType = sourcecode.swift; path = DogCenterWidget.swift; sourceTree = "<group>"; };
		0109C9BF2A3340E000544C9C /* DogCenterDetails.swift */ = {isa = PBXFileReference; lastKnownFileType = sourcecode.swift; path = DogCenterDetails.swift; sourceTree = "<group>"; };
		0109C9C12A3340EE00544C9C /* DogItem.swift */ = {isa = PBXFileReference; lastKnownFileType = sourcecode.swift; path = DogItem.swift; sourceTree = "<group>"; };
		010E1E0D2A3207BA002E0DD1 /* ColorConstants.swift */ = {isa = PBXFileReference; lastKnownFileType = sourcecode.swift; path = ColorConstants.swift; sourceTree = "<group>"; };
		010E1E0F2A3207C9002E0DD1 /* ImagesConstants.swift */ = {isa = PBXFileReference; lastKnownFileType = sourcecode.swift; path = ImagesConstants.swift; sourceTree = "<group>"; };
		010E1E132A320994002E0DD1 /* TokensResponseModel.swift */ = {isa = PBXFileReference; lastKnownFileType = sourcecode.swift; path = TokensResponseModel.swift; sourceTree = "<group>"; };
		010E1E152A321028002E0DD1 /* RegisterCredentials.swift */ = {isa = PBXFileReference; lastKnownFileType = sourcecode.swift; path = RegisterCredentials.swift; sourceTree = "<group>"; };
		010E1E1C2A326F34002E0DD1 /* PaymentRequestModel.swift */ = {isa = PBXFileReference; lastKnownFileType = sourcecode.swift; path = PaymentRequestModel.swift; sourceTree = "<group>"; };
		010E1E1E2A326F40002E0DD1 /* PaymentResponseModel.swift */ = {isa = PBXFileReference; lastKnownFileType = sourcecode.swift; path = PaymentResponseModel.swift; sourceTree = "<group>"; };
		0116F3852A51C181003C427B /* SessionCreateModel.swift */ = {isa = PBXFileReference; lastKnownFileType = sourcecode.swift; path = SessionCreateModel.swift; sourceTree = "<group>"; };
		012BF7422A33552500A4C266 /* ActivityListView.swift */ = {isa = PBXFileReference; lastKnownFileType = sourcecode.swift; path = ActivityListView.swift; sourceTree = "<group>"; };
		012BF7442A33553500A4C266 /* ActivityListViewModel.swift */ = {isa = PBXFileReference; lastKnownFileType = sourcecode.swift; path = ActivityListViewModel.swift; sourceTree = "<group>"; };
		012BF7462A33554C00A4C266 /* ActivityListWidget.swift */ = {isa = PBXFileReference; lastKnownFileType = sourcecode.swift; path = ActivityListWidget.swift; sourceTree = "<group>"; };
		014E3FE52A348B55007C4E2F /* ProfileForm.swift */ = {isa = PBXFileReference; lastKnownFileType = sourcecode.swift; path = ProfileForm.swift; sourceTree = "<group>"; };
		014E3FE82A374377007C4E2F /* LoginModel.swift */ = {isa = PBXFileReference; lastKnownFileType = sourcecode.swift; path = LoginModel.swift; sourceTree = "<group>"; };
		014E3FED2A38B94C007C4E2F /* ApiConstants.swift */ = {isa = PBXFileReference; lastKnownFileType = sourcecode.swift; path = ApiConstants.swift; sourceTree = "<group>"; };
		0154ACE42A39109900622587 /* MainRepository.swift */ = {isa = PBXFileReference; lastKnownFileType = sourcecode.swift; path = MainRepository.swift; sourceTree = "<group>"; };
		0154ACE62A39AB9F00622587 /* UserRepository.swift */ = {isa = PBXFileReference; lastKnownFileType = sourcecode.swift; path = UserRepository.swift; sourceTree = "<group>"; };
		0154ACE82A39ABAC00622587 /* SessionRepository.swift */ = {isa = PBXFileReference; lastKnownFileType = sourcecode.swift; path = SessionRepository.swift; sourceTree = "<group>"; };
		0154ACEA2A39ABCA00622587 /* EstablishmentRepository.swift */ = {isa = PBXFileReference; lastKnownFileType = sourcecode.swift; path = EstablishmentRepository.swift; sourceTree = "<group>"; };
		0154ACEC2A39ABEC00622587 /* HolidaysRepository.swift */ = {isa = PBXFileReference; lastKnownFileType = sourcecode.swift; path = HolidaysRepository.swift; sourceTree = "<group>"; };
		0154ACEE2A39ABFD00622587 /* PaymentsRepository.swift */ = {isa = PBXFileReference; lastKnownFileType = sourcecode.swift; path = PaymentsRepository.swift; sourceTree = "<group>"; };
		0154ACF02A39AC1800622587 /* ReservationsRepository.swift */ = {isa = PBXFileReference; lastKnownFileType = sourcecode.swift; path = ReservationsRepository.swift; sourceTree = "<group>"; };
		0154ACF22A39AC7B00622587 /* ObservationsRepository.swift */ = {isa = PBXFileReference; lastKnownFileType = sourcecode.swift; path = ObservationsRepository.swift; sourceTree = "<group>"; };
		0154ACF42A39AC9200622587 /* DogsRepository.swift */ = {isa = PBXFileReference; lastKnownFileType = sourcecode.swift; path = DogsRepository.swift; sourceTree = "<group>"; };
		0154ACF62A39ACAB00622587 /* ActivitiesRepository.swift */ = {isa = PBXFileReference; lastKnownFileType = sourcecode.swift; path = ActivitiesRepository.swift; sourceTree = "<group>"; };
		0154ACF82A3A53AD00622587 /* LoginRequest.swift */ = {isa = PBXFileReference; lastKnownFileType = sourcecode.swift; path = LoginRequest.swift; sourceTree = "<group>"; };
		01AE58722A4B1BDC00EE3106 /* String.swift */ = {isa = PBXFileReference; lastKnownFileType = sourcecode.swift; path = String.swift; sourceTree = "<group>"; };
		01AE58762A4D7F2E00EE3106 /* SessionDetails.swift */ = {isa = PBXFileReference; lastKnownFileType = sourcecode.swift; path = SessionDetails.swift; sourceTree = "<group>"; };
		01AE58782A4DC1C400EE3106 /* SessionCard.swift */ = {isa = PBXFileReference; lastKnownFileType = sourcecode.swift; path = SessionCard.swift; sourceTree = "<group>"; };
		01AE587D2A4E0D9100EE3106 /* DailySessions.swift */ = {isa = PBXFileReference; lastKnownFileType = sourcecode.swift; path = DailySessions.swift; sourceTree = "<group>"; };
		01CC72AA2A407DD3006433CE /* SplashView.swift */ = {isa = PBXFileReference; lastKnownFileType = sourcecode.swift; path = SplashView.swift; sourceTree = "<group>"; };
		01CC72AF2A40A956006433CE /* splash_view_gestidogs.json */ = {isa = PBXFileReference; fileEncoding = 4; lastKnownFileType = text.json; path = splash_view_gestidogs.json; sourceTree = "<group>"; };
		01CC72B12A40D566006433CE /* NewEstablishmentForm.swift */ = {isa = PBXFileReference; lastKnownFileType = sourcecode.swift; path = NewEstablishmentForm.swift; sourceTree = "<group>"; };
		01CC72B32A41AFD2006433CE /* NewDogForm.swift */ = {isa = PBXFileReference; lastKnownFileType = sourcecode.swift; path = NewDogForm.swift; sourceTree = "<group>"; };
		01CC72B82A41B386006433CE /* TeamListView.swift */ = {isa = PBXFileReference; lastKnownFileType = sourcecode.swift; path = TeamListView.swift; sourceTree = "<group>"; };
		01CC72BA2A41B39B006433CE /* TeamListViewModel.swift */ = {isa = PBXFileReference; lastKnownFileType = sourcecode.swift; path = TeamListViewModel.swift; sourceTree = "<group>"; };
		01CC72BC2A41B3A9006433CE /* TeamListWidget.swift */ = {isa = PBXFileReference; lastKnownFileType = sourcecode.swift; path = TeamListWidget.swift; sourceTree = "<group>"; };
		01E7D6812A2B65290054C16A /* OnboardingWidget.swift */ = {isa = PBXFileReference; lastKnownFileType = sourcecode.swift; path = OnboardingWidget.swift; sourceTree = "<group>"; };
		01E7D6832A2B65390054C16A /* OnboardingView.swift */ = {isa = PBXFileReference; lastKnownFileType = sourcecode.swift; path = OnboardingView.swift; sourceTree = "<group>"; };
		01E7D6852A2B654B0054C16A /* OnboardingViewModel.swift */ = {isa = PBXFileReference; lastKnownFileType = sourcecode.swift; path = OnboardingViewModel.swift; sourceTree = "<group>"; };
		01E7D6882A2B657E0054C16A /* Extension.swift */ = {isa = PBXFileReference; lastKnownFileType = sourcecode.swift; path = Extension.swift; sourceTree = "<group>"; };
		5F04A6992A30D186000E2AD9 /* NetworkError.swift */ = {isa = PBXFileReference; lastKnownFileType = sourcecode.swift; path = NetworkError.swift; sourceTree = "<group>"; };
		5F157BFD2A27744800B4C2FE /* DashboardWidget.swift */ = {isa = PBXFileReference; lastKnownFileType = sourcecode.swift; path = DashboardWidget.swift; sourceTree = "<group>"; };
		5F157BFF2A27745500B4C2FE /* DashboardView.swift */ = {isa = PBXFileReference; lastKnownFileType = sourcecode.swift; path = DashboardView.swift; sourceTree = "<group>"; };
		5F157C012A27746F00B4C2FE /* DashboardViewModel.swift */ = {isa = PBXFileReference; lastKnownFileType = sourcecode.swift; path = DashboardViewModel.swift; sourceTree = "<group>"; };
		5F157C072A27771900B4C2FE /* HolidaysWidget.swift */ = {isa = PBXFileReference; lastKnownFileType = sourcecode.swift; path = HolidaysWidget.swift; sourceTree = "<group>"; };
		5F157C092A27772800B4C2FE /* HolidaysViewModel.swift */ = {isa = PBXFileReference; lastKnownFileType = sourcecode.swift; path = HolidaysViewModel.swift; sourceTree = "<group>"; };
		5F157C0B2A27773A00B4C2FE /* HolidaysView.swift */ = {isa = PBXFileReference; lastKnownFileType = sourcecode.swift; path = HolidaysView.swift; sourceTree = "<group>"; };
		5F157C102A2777A800B4C2FE /* ProfileWidget.swift */ = {isa = PBXFileReference; lastKnownFileType = sourcecode.swift; path = ProfileWidget.swift; sourceTree = "<group>"; };
		5F157C122A2777B800B4C2FE /* ProfileViewModel.swift */ = {isa = PBXFileReference; lastKnownFileType = sourcecode.swift; path = ProfileViewModel.swift; sourceTree = "<group>"; };
		5F157C142A2777CB00B4C2FE /* ProfileView.swift */ = {isa = PBXFileReference; lastKnownFileType = sourcecode.swift; path = ProfileView.swift; sourceTree = "<group>"; };
		5F157C162A27780300B4C2FE /* HolidaysResponseModel.swift */ = {isa = PBXFileReference; lastKnownFileType = sourcecode.swift; path = HolidaysResponseModel.swift; sourceTree = "<group>"; };
		5F157C1F2A277BDC00B4C2FE /* ActivityTypeResponseModel.swift */ = {isa = PBXFileReference; lastKnownFileType = sourcecode.swift; path = ActivityTypeResponseModel.swift; sourceTree = "<group>"; };
		5F157C212A277BF300B4C2FE /* ActivityTypeRequestModel.swift */ = {isa = PBXFileReference; lastKnownFileType = sourcecode.swift; path = ActivityTypeRequestModel.swift; sourceTree = "<group>"; };
		5F157C232A277C2100B4C2FE /* EstablishmentResponseModel.swift */ = {isa = PBXFileReference; lastKnownFileType = sourcecode.swift; path = EstablishmentResponseModel.swift; sourceTree = "<group>"; };
		5F157C252A277C3000B4C2FE /* EstablishmentRequestModel.swift */ = {isa = PBXFileReference; lastKnownFileType = sourcecode.swift; path = EstablishmentRequestModel.swift; sourceTree = "<group>"; };
		5F157C272A277C4500B4C2FE /* UserResponseModel.swift */ = {isa = PBXFileReference; lastKnownFileType = sourcecode.swift; path = UserResponseModel.swift; sourceTree = "<group>"; };
		5F157C292A277C5700B4C2FE /* UserRequestModel.swift */ = {isa = PBXFileReference; lastKnownFileType = sourcecode.swift; path = UserRequestModel.swift; sourceTree = "<group>"; };
		5F157C2B2A277C6A00B4C2FE /* ReservationResponseModel.swift */ = {isa = PBXFileReference; lastKnownFileType = sourcecode.swift; path = ReservationResponseModel.swift; sourceTree = "<group>"; };
		5F157C2D2A277C8700B4C2FE /* ReservationRequestModel.swift */ = {isa = PBXFileReference; lastKnownFileType = sourcecode.swift; path = ReservationRequestModel.swift; sourceTree = "<group>"; };
		5F157C2F2A277C9600B4C2FE /* SessionResponseModel.swift */ = {isa = PBXFileReference; lastKnownFileType = sourcecode.swift; path = SessionResponseModel.swift; sourceTree = "<group>"; };
		5F157C312A277CA700B4C2FE /* SessionRequestModel.swift */ = {isa = PBXFileReference; lastKnownFileType = sourcecode.swift; path = SessionRequestModel.swift; sourceTree = "<group>"; };
		5F157C332A277CCB00B4C2FE /* DogsResponseModel.swift */ = {isa = PBXFileReference; lastKnownFileType = sourcecode.swift; path = DogsResponseModel.swift; sourceTree = "<group>"; };
		5F157C352A277CDA00B4C2FE /* DogsRequestModel.swift */ = {isa = PBXFileReference; lastKnownFileType = sourcecode.swift; path = DogsRequestModel.swift; sourceTree = "<group>"; };
		5F157C372A277CF100B4C2FE /* HolidaysRequestModel.swift */ = {isa = PBXFileReference; lastKnownFileType = sourcecode.swift; path = HolidaysRequestModel.swift; sourceTree = "<group>"; };
		5F157C392A278FA700B4C2FE /* ApiManager.swift */ = {isa = PBXFileReference; lastKnownFileType = sourcecode.swift; path = ApiManager.swift; sourceTree = "<group>"; };
		5F157C3B2A278FCE00B4C2FE /* UserManager.swift */ = {isa = PBXFileReference; lastKnownFileType = sourcecode.swift; path = UserManager.swift; sourceTree = "<group>"; };
		5F157C3D2A278FDB00B4C2FE /* EstablishmentManager.swift */ = {isa = PBXFileReference; lastKnownFileType = sourcecode.swift; path = EstablishmentManager.swift; sourceTree = "<group>"; };
		5F157C3F2A2790FA00B4C2FE /* HolidaysManagerView.swift */ = {isa = PBXFileReference; lastKnownFileType = sourcecode.swift; path = HolidaysManagerView.swift; sourceTree = "<group>"; };
		5F157C412A27910C00B4C2FE /* HolidaysEducatorView.swift */ = {isa = PBXFileReference; lastKnownFileType = sourcecode.swift; path = HolidaysEducatorView.swift; sourceTree = "<group>"; };
		5F157C442A2791E800B4C2FE /* NavBar.swift */ = {isa = PBXFileReference; lastKnownFileType = sourcecode.swift; path = NavBar.swift; sourceTree = "<group>"; };
		5F32C5AB2A2896180034AB6F /* AgendaUIViewRepresentable.swift */ = {isa = PBXFileReference; lastKnownFileType = sourcecode.swift; path = AgendaUIViewRepresentable.swift; sourceTree = "<group>"; };
		5F32C5AD2A28AA340034AB6F /* TeamCenterWidget.swift */ = {isa = PBXFileReference; lastKnownFileType = sourcecode.swift; path = TeamCenterWidget.swift; sourceTree = "<group>"; };
		5F32C5AF2A28AA460034AB6F /* ActivityTypeWidget.swift */ = {isa = PBXFileReference; lastKnownFileType = sourcecode.swift; path = ActivityTypeWidget.swift; sourceTree = "<group>"; };
		5F32C5B32A28CC100034AB6F /* DogsListViewModel.swift */ = {isa = PBXFileReference; lastKnownFileType = sourcecode.swift; path = DogsListViewModel.swift; sourceTree = "<group>"; };
		5F32C5B62A28CC8A0034AB6F /* DogsListView.swift */ = {isa = PBXFileReference; lastKnownFileType = sourcecode.swift; path = DogsListView.swift; sourceTree = "<group>"; };
		5F32C5B92A28CCA30034AB6F /* DogsListWidget.swift */ = {isa = PBXFileReference; lastKnownFileType = sourcecode.swift; path = DogsListWidget.swift; sourceTree = "<group>"; };
		5F32C5BB2A28E36D0034AB6F /* ActivityCellWidget.swift */ = {isa = PBXFileReference; lastKnownFileType = sourcecode.swift; path = ActivityCellWidget.swift; sourceTree = "<group>"; };
		5F3A324F2A4488B900619AF6 /* NewSessionForm.swift */ = {isa = PBXFileReference; lastKnownFileType = sourcecode.swift; path = NewSessionForm.swift; sourceTree = "<group>"; };
		5F3A32512A471C5E00619AF6 /* Date.swift */ = {isa = PBXFileReference; lastKnownFileType = sourcecode.swift; path = Date.swift; sourceTree = "<group>"; };
		5F743ADB2A2F63E50023D22D /* EmailPasswordFields.swift */ = {isa = PBXFileReference; lastKnownFileType = sourcecode.swift; path = EmailPasswordFields.swift; sourceTree = "<group>"; };
		5F825F2D2A2F2456001C6EB5 /* TeamMateWidget.swift */ = {isa = PBXFileReference; lastKnownFileType = sourcecode.swift; path = TeamMateWidget.swift; sourceTree = "<group>"; };
		5F825F302A2F257A001C6EB5 /* TeamMateDetailsView.swift */ = {isa = PBXFileReference; lastKnownFileType = sourcecode.swift; path = TeamMateDetailsView.swift; sourceTree = "<group>"; };
		5F8BFD132A262CE70007E367 /* Gestidogs.app */ = {isa = PBXFileReference; explicitFileType = wrapper.application; includeInIndex = 0; path = Gestidogs.app; sourceTree = BUILT_PRODUCTS_DIR; };
		5F8BFD162A262CE70007E367 /* GestidogsApp.swift */ = {isa = PBXFileReference; lastKnownFileType = sourcecode.swift; path = GestidogsApp.swift; sourceTree = "<group>"; };
		5F8BFD1A2A262CE90007E367 /* Assets.xcassets */ = {isa = PBXFileReference; lastKnownFileType = folder.assetcatalog; path = Assets.xcassets; sourceTree = "<group>"; };
		5F8BFD1D2A262CE90007E367 /* Preview Assets.xcassets */ = {isa = PBXFileReference; lastKnownFileType = folder.assetcatalog; path = "Preview Assets.xcassets"; sourceTree = "<group>"; };
		5F8BFD2E2A262DCE0007E367 /* AppState.swift */ = {isa = PBXFileReference; lastKnownFileType = sourcecode.swift; path = AppState.swift; sourceTree = "<group>"; };
		5F8BFD332A262DFE0007E367 /* HomeViewModel.swift */ = {isa = PBXFileReference; lastKnownFileType = sourcecode.swift; path = HomeViewModel.swift; sourceTree = "<group>"; };
		5F8BFD352A262E0C0007E367 /* HomeView.swift */ = {isa = PBXFileReference; lastKnownFileType = sourcecode.swift; path = HomeView.swift; sourceTree = "<group>"; };
		5F8BFD372A262E1B0007E367 /* HomeWidget.swift */ = {isa = PBXFileReference; lastKnownFileType = sourcecode.swift; path = HomeWidget.swift; sourceTree = "<group>"; };
		5F8BFD3F2A262E640007E367 /* AgendaWidget.swift */ = {isa = PBXFileReference; lastKnownFileType = sourcecode.swift; path = AgendaWidget.swift; sourceTree = "<group>"; };
		5F8BFD412A262ED30007E367 /* AgendaView.swift */ = {isa = PBXFileReference; lastKnownFileType = sourcecode.swift; path = AgendaView.swift; sourceTree = "<group>"; };
		5F8BFD432A262F380007E367 /* AgendaViewModel.swift */ = {isa = PBXFileReference; lastKnownFileType = sourcecode.swift; path = AgendaViewModel.swift; sourceTree = "<group>"; };
		5F8C93322A2A19A000F39770 /* ChooseOrCreateEstablishmentView.swift */ = {isa = PBXFileReference; lastKnownFileType = sourcecode.swift; path = ChooseOrCreateEstablishmentView.swift; sourceTree = "<group>"; };
		5F8C93342A2A19B500F39770 /* ChooseOrCreateEstablishmentViewModel.swift */ = {isa = PBXFileReference; lastKnownFileType = sourcecode.swift; path = ChooseOrCreateEstablishmentViewModel.swift; sourceTree = "<group>"; };
		5F8C93362A2A19C800F39770 /* ChooseOrCreateEstablishmentWidget.swift */ = {isa = PBXFileReference; lastKnownFileType = sourcecode.swift; path = ChooseOrCreateEstablishmentWidget.swift; sourceTree = "<group>"; };
		5F8C933D2A2A1A1300F39770 /* LoginView.swift */ = {isa = PBXFileReference; lastKnownFileType = sourcecode.swift; path = LoginView.swift; sourceTree = "<group>"; };
		5F8C933F2A2A1A2100F39770 /* LoginWidget.swift */ = {isa = PBXFileReference; lastKnownFileType = sourcecode.swift; path = LoginWidget.swift; sourceTree = "<group>"; };
		5F8C93412A2A1A3200F39770 /* LoginViewModel.swift */ = {isa = PBXFileReference; lastKnownFileType = sourcecode.swift; path = LoginViewModel.swift; sourceTree = "<group>"; };
		5F8C93462A2A1A5400F39770 /* RegisterView.swift */ = {isa = PBXFileReference; lastKnownFileType = sourcecode.swift; path = RegisterView.swift; sourceTree = "<group>"; };
		5F8C93482A2A1A6200F39770 /* RegisterWidget.swift */ = {isa = PBXFileReference; lastKnownFileType = sourcecode.swift; path = RegisterWidget.swift; sourceTree = "<group>"; };
		5F8C934A2A2A1A7000F39770 /* RegisterViewModel.swift */ = {isa = PBXFileReference; lastKnownFileType = sourcecode.swift; path = RegisterViewModel.swift; sourceTree = "<group>"; };
		5F8C93502A2A1B2200F39770 /* NotificationsViewModel.swift */ = {isa = PBXFileReference; lastKnownFileType = sourcecode.swift; path = NotificationsViewModel.swift; sourceTree = "<group>"; };
		5F8C93522A2A1B2F00F39770 /* NotificationsWidget.swift */ = {isa = PBXFileReference; lastKnownFileType = sourcecode.swift; path = NotificationsWidget.swift; sourceTree = "<group>"; };
		5F8C93542A2A1B4700F39770 /* NotificationsView.swift */ = {isa = PBXFileReference; lastKnownFileType = sourcecode.swift; path = NotificationsView.swift; sourceTree = "<group>"; };
		5FC9225D2A30AC0500E78516 /* ObservationRequestModel.swift */ = {isa = PBXFileReference; lastKnownFileType = sourcecode.swift; path = ObservationRequestModel.swift; sourceTree = "<group>"; };
		5FC9225F2A30AC1400E78516 /* ObservationResponseModel.swift */ = {isa = PBXFileReference; lastKnownFileType = sourcecode.swift; path = ObservationResponseModel.swift; sourceTree = "<group>"; };
		8075C63E9ACED383FD33BCA8 /* Pods-Gestidogs.release.xcconfig */ = {isa = PBXFileReference; includeInIndex = 1; lastKnownFileType = text.xcconfig; name = "Pods-Gestidogs.release.xcconfig"; path = "Target Support Files/Pods-Gestidogs/Pods-Gestidogs.release.xcconfig"; sourceTree = "<group>"; };
		8CB4E1EF329778ED04D016DA /* Pods-Gestidogs.debug.xcconfig */ = {isa = PBXFileReference; includeInIndex = 1; lastKnownFileType = text.xcconfig; name = "Pods-Gestidogs.debug.xcconfig"; path = "Target Support Files/Pods-Gestidogs/Pods-Gestidogs.debug.xcconfig"; sourceTree = "<group>"; };
		D4E2F9E6D142D9063B9313C1 /* Pods_Gestidogs.framework */ = {isa = PBXFileReference; explicitFileType = wrapper.framework; includeInIndex = 0; path = Pods_Gestidogs.framework; sourceTree = BUILT_PRODUCTS_DIR; };
/* End PBXFileReference section */

/* Begin PBXFrameworksBuildPhase section */
		5F8BFD102A262CE70007E367 /* Frameworks */ = {
			isa = PBXFrameworksBuildPhase;
			buildActionMask = 2147483647;
			files = (
				014E3FEC2A386EF2007C4E2F /* Interceptor in Frameworks */,
				73BA4BF43F202F1C07B963C5 /* Pods_Gestidogs.framework in Frameworks */,
				01CC72AE2A408973006433CE /* Lottie in Frameworks */,
				01AE587C2A4DC6FD00EE3106 /* EasySkeleton in Frameworks */,
			);
			runOnlyForDeploymentPostprocessing = 0;
		};
/* End PBXFrameworksBuildPhase section */

/* Begin PBXGroup section */
		0109C9AD2A333C6B00544C9C /* ActivityType */ = {
			isa = PBXGroup;
			children = (
				5F32C5AF2A28AA460034AB6F /* ActivityTypeWidget.swift */,
				5F32C5BB2A28E36D0034AB6F /* ActivityCellWidget.swift */,
				0109C9B32A333D5100544C9C /* ActivityTypeDetailsView.swift */,
			);
			path = ActivityType;
			sourceTree = "<group>";
		};
		0109C9AE2A333C7E00544C9C /* Team */ = {
			isa = PBXGroup;
			children = (
				5F32C5AD2A28AA340034AB6F /* TeamCenterWidget.swift */,
				0109C9AF2A333CC300544C9C /* TeamCell.swift */,
				0109C9B12A333CF200544C9C /* TeamCenterDetailsView.swift */,
			);
			path = Team;
			sourceTree = "<group>";
		};
		0109C9B52A333DBF00544C9C /* Sessions */ = {
			isa = PBXGroup;
			children = (
				0109C9B72A333DEB00544C9C /* SessionCenterWidget.swift */,
				0109C9B92A333DF600544C9C /* SessionCell.swift */,
				0109C9BB2A333E0E00544C9C /* SessionCenterDetails.swift */,
			);
			path = Sessions;
			sourceTree = "<group>";
		};
		0109C9B62A333DD800544C9C /* Dogs */ = {
			isa = PBXGroup;
			children = (
				0109C9BD2A3340D500544C9C /* DogCenterWidget.swift */,
				0109C9BF2A3340E000544C9C /* DogCenterDetails.swift */,
				0109C9C12A3340EE00544C9C /* DogItem.swift */,
			);
			path = Dogs;
			sourceTree = "<group>";
		};
		010E1E0C2A3207A6002E0DD1 /* Constants */ = {
			isa = PBXGroup;
			children = (
				010E1E0D2A3207BA002E0DD1 /* ColorConstants.swift */,
				010E1E0F2A3207C9002E0DD1 /* ImagesConstants.swift */,
				014E3FED2A38B94C007C4E2F /* ApiConstants.swift */,
			);
			path = Constants;
			sourceTree = "<group>";
		};
		010E1E112A32097C002E0DD1 /* Tokens */ = {
			isa = PBXGroup;
			children = (
				010E1E132A320994002E0DD1 /* TokensResponseModel.swift */,
			);
			path = Tokens;
			sourceTree = "<group>";
		};
		010E1E1B2A326F24002E0DD1 /* Payment */ = {
			isa = PBXGroup;
			children = (
				010E1E1C2A326F34002E0DD1 /* PaymentRequestModel.swift */,
				010E1E1E2A326F40002E0DD1 /* PaymentResponseModel.swift */,
			);
			path = Payment;
			sourceTree = "<group>";
		};
		012BF73D2A33543A00A4C266 /* ActivityList */ = {
			isa = PBXGroup;
			children = (
				012BF7412A33551300A4C266 /* Widgets */,
				012BF7402A33550C00A4C266 /* ViewModel */,
				012BF73F2A33545100A4C266 /* Views */,
			);
			path = ActivityList;
			sourceTree = "<group>";
		};
		012BF73E2A33544400A4C266 /* TeamList */ = {
			isa = PBXGroup;
			children = (
				01CC72B72A41B372006433CE /* Widgets */,
				01CC72B62A41B364006433CE /* ViewModel */,
				01CC72B52A41B356006433CE /* Views */,
			);
			path = TeamList;
			sourceTree = "<group>";
		};
		012BF73F2A33545100A4C266 /* Views */ = {
			isa = PBXGroup;
			children = (
				012BF7422A33552500A4C266 /* ActivityListView.swift */,
			);
			path = Views;
			sourceTree = "<group>";
		};
		012BF7402A33550C00A4C266 /* ViewModel */ = {
			isa = PBXGroup;
			children = (
				012BF7442A33553500A4C266 /* ActivityListViewModel.swift */,
			);
			path = ViewModel;
			sourceTree = "<group>";
		};
		012BF7412A33551300A4C266 /* Widgets */ = {
			isa = PBXGroup;
			children = (
				012BF7462A33554C00A4C266 /* ActivityListWidget.swift */,
			);
			path = Widgets;
			sourceTree = "<group>";
		};
		014E3FE72A374366007C4E2F /* Model */ = {
			isa = PBXGroup;
			children = (
				014E3FE82A374377007C4E2F /* LoginModel.swift */,
				0154ACF82A3A53AD00622587 /* LoginRequest.swift */,
			);
			path = Model;
			sourceTree = "<group>";
		};
		0154ACE32A39107D00622587 /* Repository */ = {
			isa = PBXGroup;
			children = (
				0154ACE42A39109900622587 /* MainRepository.swift */,
				0154ACE62A39AB9F00622587 /* UserRepository.swift */,
				0154ACE82A39ABAC00622587 /* SessionRepository.swift */,
				0154ACEA2A39ABCA00622587 /* EstablishmentRepository.swift */,
				0154ACEC2A39ABEC00622587 /* HolidaysRepository.swift */,
				0154ACEE2A39ABFD00622587 /* PaymentsRepository.swift */,
				0154ACF02A39AC1800622587 /* ReservationsRepository.swift */,
				0154ACF22A39AC7B00622587 /* ObservationsRepository.swift */,
				0154ACF42A39AC9200622587 /* DogsRepository.swift */,
				0154ACF62A39ACAB00622587 /* ActivitiesRepository.swift */,
			);
			path = Repository;
			sourceTree = "<group>";
		};
		01CC72B52A41B356006433CE /* Views */ = {
			isa = PBXGroup;
			children = (
				01CC72B82A41B386006433CE /* TeamListView.swift */,
			);
			path = Views;
			sourceTree = "<group>";
		};
		01CC72B62A41B364006433CE /* ViewModel */ = {
			isa = PBXGroup;
			children = (
				01CC72BA2A41B39B006433CE /* TeamListViewModel.swift */,
			);
			path = ViewModel;
			sourceTree = "<group>";
		};
		01CC72B72A41B372006433CE /* Widgets */ = {
			isa = PBXGroup;
			children = (
				01CC72BC2A41B3A9006433CE /* TeamListWidget.swift */,
			);
			path = Widgets;
			sourceTree = "<group>";
		};
		01E7D67D2A2B64F90054C16A /* Onboarding */ = {
			isa = PBXGroup;
			children = (
				01E7D6802A2B65120054C16A /* Widgets */,
				01E7D67F2A2B650C0054C16A /* Views */,
				01E7D67E2A2B65050054C16A /* ViewModel */,
			);
			path = Onboarding;
			sourceTree = "<group>";
		};
		01E7D67E2A2B65050054C16A /* ViewModel */ = {
			isa = PBXGroup;
			children = (
				01E7D6852A2B654B0054C16A /* OnboardingViewModel.swift */,
			);
			path = ViewModel;
			sourceTree = "<group>";
		};
		01E7D67F2A2B650C0054C16A /* Views */ = {
			isa = PBXGroup;
			children = (
				01E7D6832A2B65390054C16A /* OnboardingView.swift */,
			);
			path = Views;
			sourceTree = "<group>";
		};
		01E7D6802A2B65120054C16A /* Widgets */ = {
			isa = PBXGroup;
			children = (
				01E7D6812A2B65290054C16A /* OnboardingWidget.swift */,
			);
			path = Widgets;
			sourceTree = "<group>";
		};
		01E7D6872A2B656E0054C16A /* Extension */ = {
			isa = PBXGroup;
			children = (
				01E7D6882A2B657E0054C16A /* Extension.swift */,
				5F3A32512A471C5E00619AF6 /* Date.swift */,
				01AE58722A4B1BDC00EE3106 /* String.swift */,
			);
			path = Extension;
			sourceTree = "<group>";
		};
		5F04A6982A30D176000E2AD9 /* Errors */ = {
			isa = PBXGroup;
			children = (
				5F04A6992A30D186000E2AD9 /* NetworkError.swift */,
			);
			path = Errors;
			sourceTree = "<group>";
		};
		5F157BF92A2773F300B4C2FE /* Dashboard */ = {
			isa = PBXGroup;
			children = (
				5F157BFC2A27741E00B4C2FE /* Widgets */,
				5F157BFB2A27741300B4C2FE /* Views */,
				5F157BFA2A27740500B4C2FE /* ViewModel */,
			);
			path = Dashboard;
			sourceTree = "<group>";
		};
		5F157BFA2A27740500B4C2FE /* ViewModel */ = {
			isa = PBXGroup;
			children = (
				5F157C012A27746F00B4C2FE /* DashboardViewModel.swift */,
			);
			path = ViewModel;
			sourceTree = "<group>";
		};
		5F157BFB2A27741300B4C2FE /* Views */ = {
			isa = PBXGroup;
			children = (
				5F157BFF2A27745500B4C2FE /* DashboardView.swift */,
			);
			path = Views;
			sourceTree = "<group>";
		};
		5F157BFC2A27741E00B4C2FE /* Widgets */ = {
			isa = PBXGroup;
			children = (
				0109C9B62A333DD800544C9C /* Dogs */,
				0109C9B52A333DBF00544C9C /* Sessions */,
				0109C9AE2A333C7E00544C9C /* Team */,
				0109C9AD2A333C6B00544C9C /* ActivityType */,
				5F157BFD2A27744800B4C2FE /* DashboardWidget.swift */,
			);
			path = Widgets;
			sourceTree = "<group>";
		};
		5F157C032A27766C00B4C2FE /* Holidays */ = {
			isa = PBXGroup;
			children = (
				5F157C062A27770500B4C2FE /* Widgets */,
				5F157C052A2776F500B4C2FE /* ViewModel */,
				5F157C042A2776ED00B4C2FE /* Views */,
			);
			path = Holidays;
			sourceTree = "<group>";
		};
		5F157C042A2776ED00B4C2FE /* Views */ = {
			isa = PBXGroup;
			children = (
				5F157C0B2A27773A00B4C2FE /* HolidaysView.swift */,
				5F157C3F2A2790FA00B4C2FE /* HolidaysManagerView.swift */,
				5F157C412A27910C00B4C2FE /* HolidaysEducatorView.swift */,
			);
			path = Views;
			sourceTree = "<group>";
		};
		5F157C052A2776F500B4C2FE /* ViewModel */ = {
			isa = PBXGroup;
			children = (
				5F157C092A27772800B4C2FE /* HolidaysViewModel.swift */,
			);
			path = ViewModel;
			sourceTree = "<group>";
		};
		5F157C062A27770500B4C2FE /* Widgets */ = {
			isa = PBXGroup;
			children = (
				5F157C072A27771900B4C2FE /* HolidaysWidget.swift */,
			);
			path = Widgets;
			sourceTree = "<group>";
		};
		5F157C0D2A27776D00B4C2FE /* Views */ = {
			isa = PBXGroup;
			children = (
				5F157C142A2777CB00B4C2FE /* ProfileView.swift */,
			);
			path = Views;
			sourceTree = "<group>";
		};
		5F157C0E2A27777300B4C2FE /* ViewModel */ = {
			isa = PBXGroup;
			children = (
				5F157C122A2777B800B4C2FE /* ProfileViewModel.swift */,
			);
			path = ViewModel;
			sourceTree = "<group>";
		};
		5F157C0F2A27777A00B4C2FE /* Widgets */ = {
			isa = PBXGroup;
			children = (
				5F157C102A2777A800B4C2FE /* ProfileWidget.swift */,
				014E3FE52A348B55007C4E2F /* ProfileForm.swift */,
			);
			path = Widgets;
			sourceTree = "<group>";
		};
		5F157C182A27780C00B4C2FE /* Holidays */ = {
			isa = PBXGroup;
			children = (
				5F157C162A27780300B4C2FE /* HolidaysResponseModel.swift */,
				5F157C372A277CF100B4C2FE /* HolidaysRequestModel.swift */,
			);
			path = Holidays;
			sourceTree = "<group>";
		};
		5F157C192A27781A00B4C2FE /* Dogs */ = {
			isa = PBXGroup;
			children = (
				5F157C332A277CCB00B4C2FE /* DogsResponseModel.swift */,
				5F157C352A277CDA00B4C2FE /* DogsRequestModel.swift */,
			);
			path = Dogs;
			sourceTree = "<group>";
		};
		5F157C1A2A27782100B4C2FE /* Session */ = {
			isa = PBXGroup;
			children = (
				5F157C2F2A277C9600B4C2FE /* SessionResponseModel.swift */,
				5F157C312A277CA700B4C2FE /* SessionRequestModel.swift */,
				01AE587D2A4E0D9100EE3106 /* DailySessions.swift */,
				0116F3852A51C181003C427B /* SessionCreateModel.swift */,
			);
			path = Session;
			sourceTree = "<group>";
		};
		5F157C1B2A27782700B4C2FE /* Reservation */ = {
			isa = PBXGroup;
			children = (
				5F157C2B2A277C6A00B4C2FE /* ReservationResponseModel.swift */,
				5F157C2D2A277C8700B4C2FE /* ReservationRequestModel.swift */,
			);
			path = Reservation;
			sourceTree = "<group>";
		};
		5F157C1C2A27790600B4C2FE /* User */ = {
			isa = PBXGroup;
			children = (
				5F157C272A277C4500B4C2FE /* UserResponseModel.swift */,
				5F157C292A277C5700B4C2FE /* UserRequestModel.swift */,
				010E1E152A321028002E0DD1 /* RegisterCredentials.swift */,
			);
			path = User;
			sourceTree = "<group>";
		};
		5F157C1D2A277A4E00B4C2FE /* Establishment */ = {
			isa = PBXGroup;
			children = (
				5F157C232A277C2100B4C2FE /* EstablishmentResponseModel.swift */,
				5F157C252A277C3000B4C2FE /* EstablishmentRequestModel.swift */,
			);
			path = Establishment;
			sourceTree = "<group>";
		};
		5F157C1E2A277A6500B4C2FE /* ActivityType */ = {
			isa = PBXGroup;
			children = (
				5F157C1F2A277BDC00B4C2FE /* ActivityTypeResponseModel.swift */,
				5F157C212A277BF300B4C2FE /* ActivityTypeRequestModel.swift */,
			);
			path = ActivityType;
			sourceTree = "<group>";
		};
		5F157C432A2791D000B4C2FE /* UI */ = {
			isa = PBXGroup;
			children = (
				5F157C442A2791E800B4C2FE /* NavBar.swift */,
				5F825F2F2A2F2561001C6EB5 /* TeamMateWidget */,
			);
			path = UI;
			sourceTree = "<group>";
		};
		5F32C5B12A28CBDE0034AB6F /* DogsList */ = {
			isa = PBXGroup;
			children = (
				5F32C5B82A28CC8F0034AB6F /* Widgets */,
				5F32C5B52A28CC7A0034AB6F /* Views */,
				5F32C5B22A28CBF70034AB6F /* ViewModel */,
			);
			path = DogsList;
			sourceTree = "<group>";
		};
		5F32C5B22A28CBF70034AB6F /* ViewModel */ = {
			isa = PBXGroup;
			children = (
				5F32C5B32A28CC100034AB6F /* DogsListViewModel.swift */,
			);
			path = ViewModel;
			sourceTree = "<group>";
		};
		5F32C5B52A28CC7A0034AB6F /* Views */ = {
			isa = PBXGroup;
			children = (
				5F32C5B62A28CC8A0034AB6F /* DogsListView.swift */,
				01CC72B32A41AFD2006433CE /* NewDogForm.swift */,
			);
			path = Views;
			sourceTree = "<group>";
		};
		5F32C5B82A28CC8F0034AB6F /* Widgets */ = {
			isa = PBXGroup;
			children = (
				5F32C5B92A28CCA30034AB6F /* DogsListWidget.swift */,
			);
			path = Widgets;
			sourceTree = "<group>";
		};
		5F825F2F2A2F2561001C6EB5 /* TeamMateWidget */ = {
			isa = PBXGroup;
			children = (
				5F825F2D2A2F2456001C6EB5 /* TeamMateWidget.swift */,
				5F825F302A2F257A001C6EB5 /* TeamMateDetailsView.swift */,
			);
			path = TeamMateWidget;
			sourceTree = "<group>";
		};
		5F8BFD0A2A262CE70007E367 = {
			isa = PBXGroup;
			children = (
				5F8BFD152A262CE70007E367 /* Gestidogs */,
				5F8BFD142A262CE70007E367 /* Products */,
				8BFAA633F538E2A9F0C9C45D /* Pods */,
				F5154A8D8E0D7B5207BD7DD2 /* Frameworks */,
			);
			sourceTree = "<group>";
		};
		5F8BFD142A262CE70007E367 /* Products */ = {
			isa = PBXGroup;
			children = (
				5F8BFD132A262CE70007E367 /* Gestidogs.app */,
			);
			name = Products;
			sourceTree = "<group>";
		};
		5F8BFD152A262CE70007E367 /* Gestidogs */ = {
			isa = PBXGroup;
			children = (
				0154ACE32A39107D00622587 /* Repository */,
				010E1E0C2A3207A6002E0DD1 /* Constants */,
				5F04A6982A30D176000E2AD9 /* Errors */,
				01E7D6872A2B656E0054C16A /* Extension */,
				5F157C432A2791D000B4C2FE /* UI */,
				5F8BFD292A262D5D0007E367 /* State */,
				5F8BFD282A262D580007E367 /* Models */,
				5F8BFD272A262D4B0007E367 /* Managers */,
				5F8BFD252A262D330007E367 /* Core */,
				5F8BFD242A262D2C0007E367 /* App */,
				5F8BFD1A2A262CE90007E367 /* Assets.xcassets */,
				01CC72AF2A40A956006433CE /* splash_view_gestidogs.json */,
				5F8BFD1C2A262CE90007E367 /* Preview Content */,
			);
			path = Gestidogs;
			sourceTree = "<group>";
		};
		5F8BFD1C2A262CE90007E367 /* Preview Content */ = {
			isa = PBXGroup;
			children = (
				5F8BFD1D2A262CE90007E367 /* Preview Assets.xcassets */,
			);
			path = "Preview Content";
			sourceTree = "<group>";
		};
		5F8BFD242A262D2C0007E367 /* App */ = {
			isa = PBXGroup;
			children = (
				5F8BFD162A262CE70007E367 /* GestidogsApp.swift */,
			);
			path = App;
			sourceTree = "<group>";
		};
		5F8BFD252A262D330007E367 /* Core */ = {
			isa = PBXGroup;
			children = (
				012BF73E2A33544400A4C266 /* TeamList */,
				012BF73D2A33543A00A4C266 /* ActivityList */,
				01E7D67D2A2B64F90054C16A /* Onboarding */,
				5F8C934C2A2A1AEB00F39770 /* Notifications */,
				5F8C93392A2A19E700F39770 /* Register */,
				5F8C93382A2A19E100F39770 /* Login */,
				5F8C932E2A2A196600F39770 /* ChooseOrCreateEstablishment */,
				5F32C5B12A28CBDE0034AB6F /* DogsList */,
				5F157C032A27766C00B4C2FE /* Holidays */,
				5F157BF92A2773F300B4C2FE /* Dashboard */,
				5F8BFD2D2A262DBB0007E367 /* Profile */,
				5F8BFD2C2A262DAE0007E367 /* Agenda */,
				5F8BFD2A2A262D770007E367 /* Home */,
				01CC72AA2A407DD3006433CE /* SplashView.swift */,
			);
			path = Core;
			sourceTree = "<group>";
		};
		5F8BFD272A262D4B0007E367 /* Managers */ = {
			isa = PBXGroup;
			children = (
				5F157C392A278FA700B4C2FE /* ApiManager.swift */,
				5F157C3B2A278FCE00B4C2FE /* UserManager.swift */,
				5F157C3D2A278FDB00B4C2FE /* EstablishmentManager.swift */,
			);
			path = Managers;
			sourceTree = "<group>";
		};
		5F8BFD282A262D580007E367 /* Models */ = {
			isa = PBXGroup;
			children = (
				010E1E1B2A326F24002E0DD1 /* Payment */,
				010E1E112A32097C002E0DD1 /* Tokens */,
				5FC9225C2A30ABF100E78516 /* Observation */,
				5F157C1E2A277A6500B4C2FE /* ActivityType */,
				5F157C1D2A277A4E00B4C2FE /* Establishment */,
				5F157C1C2A27790600B4C2FE /* User */,
				5F157C1B2A27782700B4C2FE /* Reservation */,
				5F157C1A2A27782100B4C2FE /* Session */,
				5F157C192A27781A00B4C2FE /* Dogs */,
				5F157C182A27780C00B4C2FE /* Holidays */,
			);
			path = Models;
			sourceTree = "<group>";
		};
		5F8BFD292A262D5D0007E367 /* State */ = {
			isa = PBXGroup;
			children = (
				5F8BFD2E2A262DCE0007E367 /* AppState.swift */,
			);
			path = State;
			sourceTree = "<group>";
		};
		5F8BFD2A2A262D770007E367 /* Home */ = {
			isa = PBXGroup;
			children = (
				5F8BFD322A262DEF0007E367 /* Widgets */,
				5F8BFD312A262DDA0007E367 /* Views */,
				5F8BFD302A262DD30007E367 /* ViewModel */,
			);
			path = Home;
			sourceTree = "<group>";
		};
		5F8BFD2C2A262DAE0007E367 /* Agenda */ = {
			isa = PBXGroup;
			children = (
				5F8BFD3E2A262E4F0007E367 /* Widgets */,
				5F8BFD3D2A262E470007E367 /* Views */,
				5F8BFD3C2A262E410007E367 /* ViewModel */,
			);
			path = Agenda;
			sourceTree = "<group>";
		};
		5F8BFD2D2A262DBB0007E367 /* Profile */ = {
			isa = PBXGroup;
			children = (
				5F157C0F2A27777A00B4C2FE /* Widgets */,
				5F157C0E2A27777300B4C2FE /* ViewModel */,
				5F157C0D2A27776D00B4C2FE /* Views */,
			);
			path = Profile;
			sourceTree = "<group>";
		};
		5F8BFD302A262DD30007E367 /* ViewModel */ = {
			isa = PBXGroup;
			children = (
				5F8BFD332A262DFE0007E367 /* HomeViewModel.swift */,
			);
			path = ViewModel;
			sourceTree = "<group>";
		};
		5F8BFD312A262DDA0007E367 /* Views */ = {
			isa = PBXGroup;
			children = (
				5F8BFD352A262E0C0007E367 /* HomeView.swift */,
			);
			path = Views;
			sourceTree = "<group>";
		};
		5F8BFD322A262DEF0007E367 /* Widgets */ = {
			isa = PBXGroup;
			children = (
				5F8BFD372A262E1B0007E367 /* HomeWidget.swift */,
			);
			path = Widgets;
			sourceTree = "<group>";
		};
		5F8BFD3C2A262E410007E367 /* ViewModel */ = {
			isa = PBXGroup;
			children = (
				5F8BFD432A262F380007E367 /* AgendaViewModel.swift */,
			);
			path = ViewModel;
			sourceTree = "<group>";
		};
		5F8BFD3D2A262E470007E367 /* Views */ = {
			isa = PBXGroup;
			children = (
				5F8BFD412A262ED30007E367 /* AgendaView.swift */,
				5F32C5AB2A2896180034AB6F /* AgendaUIViewRepresentable.swift */,
				5F3A324F2A4488B900619AF6 /* NewSessionForm.swift */,
				01AE58762A4D7F2E00EE3106 /* SessionDetails.swift */,
			);
			path = Views;
			sourceTree = "<group>";
		};
		5F8BFD3E2A262E4F0007E367 /* Widgets */ = {
			isa = PBXGroup;
			children = (
				5F8BFD3F2A262E640007E367 /* AgendaWidget.swift */,
				01AE58782A4DC1C400EE3106 /* SessionCard.swift */,
			);
			path = Widgets;
			sourceTree = "<group>";
		};
		5F8C932E2A2A196600F39770 /* ChooseOrCreateEstablishment */ = {
			isa = PBXGroup;
			children = (
				5F8C93312A2A198800F39770 /* Widgets */,
				5F8C93302A2A198100F39770 /* ViewModel */,
				5F8C932F2A2A197A00F39770 /* Views */,
			);
			path = ChooseOrCreateEstablishment;
			sourceTree = "<group>";
		};
		5F8C932F2A2A197A00F39770 /* Views */ = {
			isa = PBXGroup;
			children = (
				5F8C93322A2A19A000F39770 /* ChooseOrCreateEstablishmentView.swift */,
				01CC72B12A40D566006433CE /* NewEstablishmentForm.swift */,
			);
			path = Views;
			sourceTree = "<group>";
		};
		5F8C93302A2A198100F39770 /* ViewModel */ = {
			isa = PBXGroup;
			children = (
				5F8C93342A2A19B500F39770 /* ChooseOrCreateEstablishmentViewModel.swift */,
			);
			path = ViewModel;
			sourceTree = "<group>";
		};
		5F8C93312A2A198800F39770 /* Widgets */ = {
			isa = PBXGroup;
			children = (
				5F8C93362A2A19C800F39770 /* ChooseOrCreateEstablishmentWidget.swift */,
			);
			path = Widgets;
			sourceTree = "<group>";
		};
		5F8C93382A2A19E100F39770 /* Login */ = {
			isa = PBXGroup;
			children = (
				014E3FE72A374366007C4E2F /* Model */,
				5F8C933C2A2A1A0200F39770 /* Widgets */,
				5F8C933B2A2A19FC00F39770 /* ViewModel */,
				5F8C933A2A2A19F700F39770 /* Views */,
			);
			path = Login;
			sourceTree = "<group>";
		};
		5F8C93392A2A19E700F39770 /* Register */ = {
			isa = PBXGroup;
			children = (
				5F8C93452A2A1A4700F39770 /* Widgets */,
				5F8C93442A2A1A3F00F39770 /* ViewModel */,
				5F8C93432A2A1A3A00F39770 /* Views */,
			);
			path = Register;
			sourceTree = "<group>";
		};
		5F8C933A2A2A19F700F39770 /* Views */ = {
			isa = PBXGroup;
			children = (
				5F8C933D2A2A1A1300F39770 /* LoginView.swift */,
			);
			path = Views;
			sourceTree = "<group>";
		};
		5F8C933B2A2A19FC00F39770 /* ViewModel */ = {
			isa = PBXGroup;
			children = (
				5F8C93412A2A1A3200F39770 /* LoginViewModel.swift */,
			);
			path = ViewModel;
			sourceTree = "<group>";
		};
		5F8C933C2A2A1A0200F39770 /* Widgets */ = {
			isa = PBXGroup;
			children = (
				5F8C933F2A2A1A2100F39770 /* LoginWidget.swift */,
				5F743ADB2A2F63E50023D22D /* EmailPasswordFields.swift */,
			);
			path = Widgets;
			sourceTree = "<group>";
		};
		5F8C93432A2A1A3A00F39770 /* Views */ = {
			isa = PBXGroup;
			children = (
				5F8C93462A2A1A5400F39770 /* RegisterView.swift */,
			);
			path = Views;
			sourceTree = "<group>";
		};
		5F8C93442A2A1A3F00F39770 /* ViewModel */ = {
			isa = PBXGroup;
			children = (
				5F8C934A2A2A1A7000F39770 /* RegisterViewModel.swift */,
			);
			path = ViewModel;
			sourceTree = "<group>";
		};
		5F8C93452A2A1A4700F39770 /* Widgets */ = {
			isa = PBXGroup;
			children = (
				5F8C93482A2A1A6200F39770 /* RegisterWidget.swift */,
			);
			path = Widgets;
			sourceTree = "<group>";
		};
		5F8C934C2A2A1AEB00F39770 /* Notifications */ = {
			isa = PBXGroup;
			children = (
				5F8C934F2A2A1B0E00F39770 /* Widgets */,
				5F8C934E2A2A1B0600F39770 /* ViewModel */,
				5F8C934D2A2A1AFD00F39770 /* Views */,
			);
			path = Notifications;
			sourceTree = "<group>";
		};
		5F8C934D2A2A1AFD00F39770 /* Views */ = {
			isa = PBXGroup;
			children = (
				5F8C93542A2A1B4700F39770 /* NotificationsView.swift */,
			);
			path = Views;
			sourceTree = "<group>";
		};
		5F8C934E2A2A1B0600F39770 /* ViewModel */ = {
			isa = PBXGroup;
			children = (
				5F8C93502A2A1B2200F39770 /* NotificationsViewModel.swift */,
			);
			path = ViewModel;
			sourceTree = "<group>";
		};
		5F8C934F2A2A1B0E00F39770 /* Widgets */ = {
			isa = PBXGroup;
			children = (
				5F8C93522A2A1B2F00F39770 /* NotificationsWidget.swift */,
			);
			path = Widgets;
			sourceTree = "<group>";
		};
		5FC9225C2A30ABF100E78516 /* Observation */ = {
			isa = PBXGroup;
			children = (
				5FC9225D2A30AC0500E78516 /* ObservationRequestModel.swift */,
				5FC9225F2A30AC1400E78516 /* ObservationResponseModel.swift */,
			);
			path = Observation;
			sourceTree = "<group>";
		};
		8BFAA633F538E2A9F0C9C45D /* Pods */ = {
			isa = PBXGroup;
			children = (
				8CB4E1EF329778ED04D016DA /* Pods-Gestidogs.debug.xcconfig */,
				8075C63E9ACED383FD33BCA8 /* Pods-Gestidogs.release.xcconfig */,
			);
			path = Pods;
			sourceTree = "<group>";
		};
		F5154A8D8E0D7B5207BD7DD2 /* Frameworks */ = {
			isa = PBXGroup;
			children = (
				D4E2F9E6D142D9063B9313C1 /* Pods_Gestidogs.framework */,
			);
			name = Frameworks;
			sourceTree = "<group>";
		};
/* End PBXGroup section */

/* Begin PBXNativeTarget section */
		5F8BFD122A262CE70007E367 /* Gestidogs */ = {
			isa = PBXNativeTarget;
			buildConfigurationList = 5F8BFD212A262CE90007E367 /* Build configuration list for PBXNativeTarget "Gestidogs" */;
			buildPhases = (
				AC1B7C3C4DB9D809FF08A16A /* [CP] Check Pods Manifest.lock */,
				5F8BFD0F2A262CE70007E367 /* Sources */,
				5F8BFD102A262CE70007E367 /* Frameworks */,
				5F8BFD112A262CE70007E367 /* Resources */,
				DE915BC52992D1E0AC0F4572 /* [CP] Embed Pods Frameworks */,
			);
			buildRules = (
			);
			dependencies = (
			);
			name = Gestidogs;
			packageProductDependencies = (
				014E3FEB2A386EF2007C4E2F /* Interceptor */,
				01CC72AD2A408973006433CE /* Lottie */,
				01AE587B2A4DC6FD00EE3106 /* EasySkeleton */,
			);
			productName = Gestidogs;
			productReference = 5F8BFD132A262CE70007E367 /* Gestidogs.app */;
			productType = "com.apple.product-type.application";
		};
/* End PBXNativeTarget section */

/* Begin PBXProject section */
		5F8BFD0B2A262CE70007E367 /* Project object */ = {
			isa = PBXProject;
			attributes = {
				BuildIndependentTargetsInParallel = 1;
				LastSwiftUpdateCheck = 1420;
				LastUpgradeCheck = 1420;
				TargetAttributes = {
					5F8BFD122A262CE70007E367 = {
						CreatedOnToolsVersion = 14.2;
					};
				};
			};
			buildConfigurationList = 5F8BFD0E2A262CE70007E367 /* Build configuration list for PBXProject "Gestidogs" */;
			compatibilityVersion = "Xcode 14.0";
			developmentRegion = en;
			hasScannedForEncodings = 0;
			knownRegions = (
				en,
				Base,
			);
			mainGroup = 5F8BFD0A2A262CE70007E367;
			packageReferences = (
				014E3FEA2A386EF2007C4E2F /* XCRemoteSwiftPackageReference "Interceptor" */,
				01CC72AC2A408973006433CE /* XCRemoteSwiftPackageReference "lottie-ios" */,
				01AE587A2A4DC6FD00EE3106 /* XCRemoteSwiftPackageReference "EasySkeleton" */,
			);
			productRefGroup = 5F8BFD142A262CE70007E367 /* Products */;
			projectDirPath = "";
			projectRoot = "";
			targets = (
				5F8BFD122A262CE70007E367 /* Gestidogs */,
			);
		};
/* End PBXProject section */

/* Begin PBXResourcesBuildPhase section */
		5F8BFD112A262CE70007E367 /* Resources */ = {
			isa = PBXResourcesBuildPhase;
			buildActionMask = 2147483647;
			files = (
				5F8BFD1E2A262CE90007E367 /* Preview Assets.xcassets in Resources */,
				01CC72B02A40A956006433CE /* splash_view_gestidogs.json in Resources */,
				5F8BFD1B2A262CE90007E367 /* Assets.xcassets in Resources */,
			);
			runOnlyForDeploymentPostprocessing = 0;
		};
/* End PBXResourcesBuildPhase section */

/* Begin PBXShellScriptBuildPhase section */
		AC1B7C3C4DB9D809FF08A16A /* [CP] Check Pods Manifest.lock */ = {
			isa = PBXShellScriptBuildPhase;
			buildActionMask = 2147483647;
			files = (
			);
			inputFileListPaths = (
			);
			inputPaths = (
				"${PODS_PODFILE_DIR_PATH}/Podfile.lock",
				"${PODS_ROOT}/Manifest.lock",
			);
			name = "[CP] Check Pods Manifest.lock";
			outputFileListPaths = (
			);
			outputPaths = (
				"$(DERIVED_FILE_DIR)/Pods-Gestidogs-checkManifestLockResult.txt",
			);
			runOnlyForDeploymentPostprocessing = 0;
			shellPath = /bin/sh;
			shellScript = "diff \"${PODS_PODFILE_DIR_PATH}/Podfile.lock\" \"${PODS_ROOT}/Manifest.lock\" > /dev/null\nif [ $? != 0 ] ; then\n    # print error to STDERR\n    echo \"error: The sandbox is not in sync with the Podfile.lock. Run 'pod install' or update your CocoaPods installation.\" >&2\n    exit 1\nfi\n# This output is used by Xcode 'outputs' to avoid re-running this script phase.\necho \"SUCCESS\" > \"${SCRIPT_OUTPUT_FILE_0}\"\n";
			showEnvVarsInLog = 0;
		};
		DE915BC52992D1E0AC0F4572 /* [CP] Embed Pods Frameworks */ = {
			isa = PBXShellScriptBuildPhase;
			buildActionMask = 2147483647;
			files = (
			);
			inputFileListPaths = (
				"${PODS_ROOT}/Target Support Files/Pods-Gestidogs/Pods-Gestidogs-frameworks-${CONFIGURATION}-input-files.xcfilelist",
			);
			name = "[CP] Embed Pods Frameworks";
			outputFileListPaths = (
				"${PODS_ROOT}/Target Support Files/Pods-Gestidogs/Pods-Gestidogs-frameworks-${CONFIGURATION}-output-files.xcfilelist",
			);
			runOnlyForDeploymentPostprocessing = 0;
			shellPath = /bin/sh;
			shellScript = "\"${PODS_ROOT}/Target Support Files/Pods-Gestidogs/Pods-Gestidogs-frameworks.sh\"\n";
			showEnvVarsInLog = 0;
		};
/* End PBXShellScriptBuildPhase section */

/* Begin PBXSourcesBuildPhase section */
		5F8BFD0F2A262CE70007E367 /* Sources */ = {
			isa = PBXSourcesBuildPhase;
			buildActionMask = 2147483647;
			files = (
				5F8C93372A2A19C800F39770 /* ChooseOrCreateEstablishmentWidget.swift in Sources */,
				5F157C3A2A278FA700B4C2FE /* ApiManager.swift in Sources */,
				5F157C2E2A277C8700B4C2FE /* ReservationRequestModel.swift in Sources */,
				014E3FE62A348B55007C4E2F /* ProfileForm.swift in Sources */,
				0154ACE52A39109900622587 /* MainRepository.swift in Sources */,
				5F157C082A27771900B4C2FE /* HolidaysWidget.swift in Sources */,
				5F32C5AC2A2896180034AB6F /* AgendaUIViewRepresentable.swift in Sources */,
				5F8C93512A2A1B2200F39770 /* NotificationsViewModel.swift in Sources */,
				5F8BFD172A262CE70007E367 /* GestidogsApp.swift in Sources */,
				5F157C402A2790FA00B4C2FE /* HolidaysManagerView.swift in Sources */,
				5F825F2E2A2F2457001C6EB5 /* TeamMateWidget.swift in Sources */,
				5F8BFD362A262E0C0007E367 /* HomeView.swift in Sources */,
				5F157C112A2777A800B4C2FE /* ProfileWidget.swift in Sources */,
				0154ACEB2A39ABCA00622587 /* EstablishmentRepository.swift in Sources */,
				5F8C934B2A2A1A7000F39770 /* RegisterViewModel.swift in Sources */,
				5F8BFD342A262DFE0007E367 /* HomeViewModel.swift in Sources */,
				014E3FEE2A38B94C007C4E2F /* ApiConstants.swift in Sources */,
				5F157C422A27910C00B4C2FE /* HolidaysEducatorView.swift in Sources */,
				0109C9BE2A3340D500544C9C /* DogCenterWidget.swift in Sources */,
				012BF7452A33553500A4C266 /* ActivityListViewModel.swift in Sources */,
				5F157C362A277CDA00B4C2FE /* DogsRequestModel.swift in Sources */,
				5F825F312A2F257A001C6EB5 /* TeamMateDetailsView.swift in Sources */,
				01CC72BD2A41B3A9006433CE /* TeamListWidget.swift in Sources */,
				5F8BFD402A262E640007E367 /* AgendaWidget.swift in Sources */,
				0154ACE72A39AB9F00622587 /* UserRepository.swift in Sources */,
				01E7D6892A2B657E0054C16A /* Extension.swift in Sources */,
				5F32C5AE2A28AA340034AB6F /* TeamCenterWidget.swift in Sources */,
				5F8C93402A2A1A2100F39770 /* LoginWidget.swift in Sources */,
				5F32C5B42A28CC100034AB6F /* DogsListViewModel.swift in Sources */,
				0109C9B82A333DEB00544C9C /* SessionCenterWidget.swift in Sources */,
				5F157C3C2A278FCE00B4C2FE /* UserManager.swift in Sources */,
				0109C9C22A3340EE00544C9C /* DogItem.swift in Sources */,
				5F157C0C2A27773A00B4C2FE /* HolidaysView.swift in Sources */,
				5F157C022A27746F00B4C2FE /* DashboardViewModel.swift in Sources */,
				01AE587E2A4E0D9100EE3106 /* DailySessions.swift in Sources */,
				0154ACF92A3A53AD00622587 /* LoginRequest.swift in Sources */,
				5F157C452A2791E800B4C2FE /* NavBar.swift in Sources */,
				5F8BFD442A262F380007E367 /* AgendaViewModel.swift in Sources */,
				5FC9225E2A30AC0500E78516 /* ObservationRequestModel.swift in Sources */,
				01CC72B42A41AFD2006433CE /* NewDogForm.swift in Sources */,
				5FC922602A30AC1400E78516 /* ObservationResponseModel.swift in Sources */,
				5F157C152A2777CB00B4C2FE /* ProfileView.swift in Sources */,
				5F743ADC2A2F63E50023D22D /* EmailPasswordFields.swift in Sources */,
				5F8BFD422A262ED30007E367 /* AgendaView.swift in Sources */,
				0154ACED2A39ABEC00622587 /* HolidaysRepository.swift in Sources */,
				010E1E1F2A326F40002E0DD1 /* PaymentResponseModel.swift in Sources */,
				5F157C342A277CCB00B4C2FE /* DogsResponseModel.swift in Sources */,
				01AE58732A4B1BDC00EE3106 /* String.swift in Sources */,
				5F157C0A2A27772800B4C2FE /* HolidaysViewModel.swift in Sources */,
				0154ACF12A39AC1800622587 /* ReservationsRepository.swift in Sources */,
				0109C9C02A3340E000544C9C /* DogCenterDetails.swift in Sources */,
				5F157C302A277C9600B4C2FE /* SessionResponseModel.swift in Sources */,
				0109C9B02A333CC300544C9C /* TeamCell.swift in Sources */,
				5F8BFD2F2A262DCE0007E367 /* AppState.swift in Sources */,
				01CC72B22A40D566006433CE /* NewEstablishmentForm.swift in Sources */,
				01AE58792A4DC1C400EE3106 /* SessionCard.swift in Sources */,
				01E7D6842A2B65390054C16A /* OnboardingView.swift in Sources */,
				5F157C002A27745500B4C2FE /* DashboardView.swift in Sources */,
				0116F3862A51C181003C427B /* SessionCreateModel.swift in Sources */,
				5F157C242A277C2100B4C2FE /* EstablishmentResponseModel.swift in Sources */,
				5F32C5BA2A28CCA30034AB6F /* DogsListWidget.swift in Sources */,
				5F157C222A277BF300B4C2FE /* ActivityTypeRequestModel.swift in Sources */,
				5F8C933E2A2A1A1300F39770 /* LoginView.swift in Sources */,
				5F8C93532A2A1B2F00F39770 /* NotificationsWidget.swift in Sources */,
				5F8C93332A2A19A000F39770 /* ChooseOrCreateEstablishmentView.swift in Sources */,
				0109C9B22A333CF200544C9C /* TeamCenterDetailsView.swift in Sources */,
				01CC72B92A41B386006433CE /* TeamListView.swift in Sources */,
				5F157BFE2A27744800B4C2FE /* DashboardWidget.swift in Sources */,
				5F157C132A2777B800B4C2FE /* ProfileViewModel.swift in Sources */,
				0154ACF52A39AC9200622587 /* DogsRepository.swift in Sources */,
				5F157C2A2A277C5700B4C2FE /* UserRequestModel.swift in Sources */,
				5F8C93492A2A1A6200F39770 /* RegisterWidget.swift in Sources */,
				012BF7432A33552500A4C266 /* ActivityListView.swift in Sources */,
				5F32C5B72A28CC8A0034AB6F /* DogsListView.swift in Sources */,
				0154ACF32A39AC7B00622587 /* ObservationsRepository.swift in Sources */,
				5F04A69A2A30D186000E2AD9 /* NetworkError.swift in Sources */,
				01E7D6862A2B654B0054C16A /* OnboardingViewModel.swift in Sources */,
				5F3A32522A471C5E00619AF6 /* Date.swift in Sources */,
				5F157C3E2A278FDB00B4C2FE /* EstablishmentManager.swift in Sources */,
				5F8C93422A2A1A3200F39770 /* LoginViewModel.swift in Sources */,
				5F32C5B02A28AA460034AB6F /* ActivityTypeWidget.swift in Sources */,
				5F8BFD382A262E1B0007E367 /* HomeWidget.swift in Sources */,
				5F157C282A277C4500B4C2FE /* UserResponseModel.swift in Sources */,
				0109C9BA2A333DF600544C9C /* SessionCell.swift in Sources */,
				01E7D6822A2B65290054C16A /* OnboardingWidget.swift in Sources */,
				01CC72BB2A41B39B006433CE /* TeamListViewModel.swift in Sources */,
				010E1E0E2A3207BA002E0DD1 /* ColorConstants.swift in Sources */,
				5F8C93472A2A1A5400F39770 /* RegisterView.swift in Sources */,
				5F8C93352A2A19B500F39770 /* ChooseOrCreateEstablishmentViewModel.swift in Sources */,
				5F157C262A277C3000B4C2FE /* EstablishmentRequestModel.swift in Sources */,
				010E1E1D2A326F34002E0DD1 /* PaymentRequestModel.swift in Sources */,
				5F157C2C2A277C6A00B4C2FE /* ReservationResponseModel.swift in Sources */,
				01AE58772A4D7F2E00EE3106 /* SessionDetails.swift in Sources */,
				0154ACE92A39ABAC00622587 /* SessionRepository.swift in Sources */,
				5F3A32502A4488B900619AF6 /* NewSessionForm.swift in Sources */,
				010E1E162A321028002E0DD1 /* RegisterCredentials.swift in Sources */,
				0154ACF72A39ACAB00622587 /* ActivitiesRepository.swift in Sources */,
				5F157C202A277BDC00B4C2FE /* ActivityTypeResponseModel.swift in Sources */,
				014E3FE92A374377007C4E2F /* LoginModel.swift in Sources */,
				5F32C5BC2A28E36D0034AB6F /* ActivityCellWidget.swift in Sources */,
				010E1E102A3207C9002E0DD1 /* ImagesConstants.swift in Sources */,
				01CC72AB2A407DD3006433CE /* SplashView.swift in Sources */,
				012BF7472A33554C00A4C266 /* ActivityListWidget.swift in Sources */,
				5F157C322A277CA700B4C2FE /* SessionRequestModel.swift in Sources */,
				5F157C172A27780300B4C2FE /* HolidaysResponseModel.swift in Sources */,
				0154ACEF2A39ABFD00622587 /* PaymentsRepository.swift in Sources */,
				5F157C382A277CF100B4C2FE /* HolidaysRequestModel.swift in Sources */,
				5F8C93552A2A1B4700F39770 /* NotificationsView.swift in Sources */,
				010E1E142A320994002E0DD1 /* TokensResponseModel.swift in Sources */,
				0109C9BC2A333E0E00544C9C /* SessionCenterDetails.swift in Sources */,
				0109C9B42A333D5100544C9C /* ActivityTypeDetailsView.swift in Sources */,
			);
			runOnlyForDeploymentPostprocessing = 0;
		};
/* End PBXSourcesBuildPhase section */

/* Begin XCBuildConfiguration section */
		5F8BFD1F2A262CE90007E367 /* Debug */ = {
			isa = XCBuildConfiguration;
			buildSettings = {
				ALWAYS_SEARCH_USER_PATHS = NO;
				CLANG_ANALYZER_NONNULL = YES;
				CLANG_ANALYZER_NUMBER_OBJECT_CONVERSION = YES_AGGRESSIVE;
				CLANG_CXX_LANGUAGE_STANDARD = "gnu++20";
				CLANG_ENABLE_MODULES = YES;
				CLANG_ENABLE_OBJC_ARC = YES;
				CLANG_ENABLE_OBJC_WEAK = YES;
				CLANG_WARN_BLOCK_CAPTURE_AUTORELEASING = YES;
				CLANG_WARN_BOOL_CONVERSION = YES;
				CLANG_WARN_COMMA = YES;
				CLANG_WARN_CONSTANT_CONVERSION = YES;
				CLANG_WARN_DEPRECATED_OBJC_IMPLEMENTATIONS = YES;
				CLANG_WARN_DIRECT_OBJC_ISA_USAGE = YES_ERROR;
				CLANG_WARN_DOCUMENTATION_COMMENTS = YES;
				CLANG_WARN_EMPTY_BODY = YES;
				CLANG_WARN_ENUM_CONVERSION = YES;
				CLANG_WARN_INFINITE_RECURSION = YES;
				CLANG_WARN_INT_CONVERSION = YES;
				CLANG_WARN_NON_LITERAL_NULL_CONVERSION = YES;
				CLANG_WARN_OBJC_IMPLICIT_RETAIN_SELF = YES;
				CLANG_WARN_OBJC_LITERAL_CONVERSION = YES;
				CLANG_WARN_OBJC_ROOT_CLASS = YES_ERROR;
				CLANG_WARN_QUOTED_INCLUDE_IN_FRAMEWORK_HEADER = YES;
				CLANG_WARN_RANGE_LOOP_ANALYSIS = YES;
				CLANG_WARN_STRICT_PROTOTYPES = YES;
				CLANG_WARN_SUSPICIOUS_MOVE = YES;
				CLANG_WARN_UNGUARDED_AVAILABILITY = YES_AGGRESSIVE;
				CLANG_WARN_UNREACHABLE_CODE = YES;
				CLANG_WARN__DUPLICATE_METHOD_MATCH = YES;
				COPY_PHASE_STRIP = NO;
				DEBUG_INFORMATION_FORMAT = dwarf;
				ENABLE_STRICT_OBJC_MSGSEND = YES;
				ENABLE_TESTABILITY = YES;
				GCC_C_LANGUAGE_STANDARD = gnu11;
				GCC_DYNAMIC_NO_PIC = NO;
				GCC_NO_COMMON_BLOCKS = YES;
				GCC_OPTIMIZATION_LEVEL = 0;
				GCC_PREPROCESSOR_DEFINITIONS = (
					"DEBUG=1",
					"$(inherited)",
				);
				GCC_WARN_64_TO_32_BIT_CONVERSION = YES;
				GCC_WARN_ABOUT_RETURN_TYPE = YES_ERROR;
				GCC_WARN_UNDECLARED_SELECTOR = YES;
				GCC_WARN_UNINITIALIZED_AUTOS = YES_AGGRESSIVE;
				GCC_WARN_UNUSED_FUNCTION = YES;
				GCC_WARN_UNUSED_VARIABLE = YES;
				IPHONEOS_DEPLOYMENT_TARGET = 16.2;
				MTL_ENABLE_DEBUG_INFO = INCLUDE_SOURCE;
				MTL_FAST_MATH = YES;
				ONLY_ACTIVE_ARCH = YES;
				SDKROOT = iphoneos;
				SWIFT_ACTIVE_COMPILATION_CONDITIONS = DEBUG;
				SWIFT_OPTIMIZATION_LEVEL = "-Onone";
			};
			name = Debug;
		};
		5F8BFD202A262CE90007E367 /* Release */ = {
			isa = XCBuildConfiguration;
			buildSettings = {
				ALWAYS_SEARCH_USER_PATHS = NO;
				CLANG_ANALYZER_NONNULL = YES;
				CLANG_ANALYZER_NUMBER_OBJECT_CONVERSION = YES_AGGRESSIVE;
				CLANG_CXX_LANGUAGE_STANDARD = "gnu++20";
				CLANG_ENABLE_MODULES = YES;
				CLANG_ENABLE_OBJC_ARC = YES;
				CLANG_ENABLE_OBJC_WEAK = YES;
				CLANG_WARN_BLOCK_CAPTURE_AUTORELEASING = YES;
				CLANG_WARN_BOOL_CONVERSION = YES;
				CLANG_WARN_COMMA = YES;
				CLANG_WARN_CONSTANT_CONVERSION = YES;
				CLANG_WARN_DEPRECATED_OBJC_IMPLEMENTATIONS = YES;
				CLANG_WARN_DIRECT_OBJC_ISA_USAGE = YES_ERROR;
				CLANG_WARN_DOCUMENTATION_COMMENTS = YES;
				CLANG_WARN_EMPTY_BODY = YES;
				CLANG_WARN_ENUM_CONVERSION = YES;
				CLANG_WARN_INFINITE_RECURSION = YES;
				CLANG_WARN_INT_CONVERSION = YES;
				CLANG_WARN_NON_LITERAL_NULL_CONVERSION = YES;
				CLANG_WARN_OBJC_IMPLICIT_RETAIN_SELF = YES;
				CLANG_WARN_OBJC_LITERAL_CONVERSION = YES;
				CLANG_WARN_OBJC_ROOT_CLASS = YES_ERROR;
				CLANG_WARN_QUOTED_INCLUDE_IN_FRAMEWORK_HEADER = YES;
				CLANG_WARN_RANGE_LOOP_ANALYSIS = YES;
				CLANG_WARN_STRICT_PROTOTYPES = YES;
				CLANG_WARN_SUSPICIOUS_MOVE = YES;
				CLANG_WARN_UNGUARDED_AVAILABILITY = YES_AGGRESSIVE;
				CLANG_WARN_UNREACHABLE_CODE = YES;
				CLANG_WARN__DUPLICATE_METHOD_MATCH = YES;
				COPY_PHASE_STRIP = NO;
				DEBUG_INFORMATION_FORMAT = "dwarf-with-dsym";
				ENABLE_NS_ASSERTIONS = NO;
				ENABLE_STRICT_OBJC_MSGSEND = YES;
				GCC_C_LANGUAGE_STANDARD = gnu11;
				GCC_NO_COMMON_BLOCKS = YES;
				GCC_WARN_64_TO_32_BIT_CONVERSION = YES;
				GCC_WARN_ABOUT_RETURN_TYPE = YES_ERROR;
				GCC_WARN_UNDECLARED_SELECTOR = YES;
				GCC_WARN_UNINITIALIZED_AUTOS = YES_AGGRESSIVE;
				GCC_WARN_UNUSED_FUNCTION = YES;
				GCC_WARN_UNUSED_VARIABLE = YES;
				IPHONEOS_DEPLOYMENT_TARGET = 16.2;
				MTL_ENABLE_DEBUG_INFO = NO;
				MTL_FAST_MATH = YES;
				SDKROOT = iphoneos;
				SWIFT_COMPILATION_MODE = wholemodule;
				SWIFT_OPTIMIZATION_LEVEL = "-O";
				VALIDATE_PRODUCT = YES;
			};
			name = Release;
		};
		5F8BFD222A262CE90007E367 /* Debug */ = {
			isa = XCBuildConfiguration;
			baseConfigurationReference = 8CB4E1EF329778ED04D016DA /* Pods-Gestidogs.debug.xcconfig */;
			buildSettings = {
				ASSETCATALOG_COMPILER_APPICON_NAME = AppIcon;
				ASSETCATALOG_COMPILER_GLOBAL_ACCENT_COLOR_NAME = AccentColor;
				CODE_SIGN_STYLE = Automatic;
				CURRENT_PROJECT_VERSION = 1;
				DEVELOPMENT_ASSET_PATHS = "\"Gestidogs/Preview Content\"";
				DEVELOPMENT_TEAM = 7F9M4VSS6H;
				ENABLE_PREVIEWS = YES;
				GENERATE_INFOPLIST_FILE = YES;
				INFOPLIST_FILE = Gestidogs/Info.plist;
				INFOPLIST_KEY_NSLocalNetworkUsageDescription = "The app need to access to internet to work correctly";
				INFOPLIST_KEY_UIApplicationSceneManifest_Generation = YES;
				INFOPLIST_KEY_UIApplicationSupportsIndirectInputEvents = YES;
				INFOPLIST_KEY_UILaunchScreen_Generation = YES;
				INFOPLIST_KEY_UISupportedInterfaceOrientations = UIInterfaceOrientationPortrait;
				INFOPLIST_KEY_UISupportedInterfaceOrientations_iPad = "UIInterfaceOrientationLandscapeLeft UIInterfaceOrientationLandscapeRight UIInterfaceOrientationPortrait UIInterfaceOrientationPortraitUpsideDown";
				LD_RUNPATH_SEARCH_PATHS = (
					"$(inherited)",
					"@executable_path/Frameworks",
				);
				MARKETING_VERSION = 1.0;
				PRODUCT_BUNDLE_IDENTIFIER = com.mathieu.GestiDogs;
				PRODUCT_NAME = "$(TARGET_NAME)";
				SWIFT_EMIT_LOC_STRINGS = YES;
				SWIFT_VERSION = 5.0;
				TARGETED_DEVICE_FAMILY = "1,2";
			};
			name = Debug;
		};
		5F8BFD232A262CE90007E367 /* Release */ = {
			isa = XCBuildConfiguration;
			baseConfigurationReference = 8075C63E9ACED383FD33BCA8 /* Pods-Gestidogs.release.xcconfig */;
			buildSettings = {
				ASSETCATALOG_COMPILER_APPICON_NAME = AppIcon;
				ASSETCATALOG_COMPILER_GLOBAL_ACCENT_COLOR_NAME = AccentColor;
				CODE_SIGN_STYLE = Automatic;
				CURRENT_PROJECT_VERSION = 1;
				DEVELOPMENT_ASSET_PATHS = "\"Gestidogs/Preview Content\"";
				DEVELOPMENT_TEAM = 7F9M4VSS6H;
				ENABLE_PREVIEWS = YES;
				GENERATE_INFOPLIST_FILE = YES;
				INFOPLIST_FILE = Gestidogs/Info.plist;
				INFOPLIST_KEY_NSLocalNetworkUsageDescription = "The app need to access to internet to work correctly";
				INFOPLIST_KEY_UIApplicationSceneManifest_Generation = YES;
				INFOPLIST_KEY_UIApplicationSupportsIndirectInputEvents = YES;
				INFOPLIST_KEY_UILaunchScreen_Generation = YES;
				INFOPLIST_KEY_UISupportedInterfaceOrientations = UIInterfaceOrientationPortrait;
				INFOPLIST_KEY_UISupportedInterfaceOrientations_iPad = "UIInterfaceOrientationLandscapeLeft UIInterfaceOrientationLandscapeRight UIInterfaceOrientationPortrait UIInterfaceOrientationPortraitUpsideDown";
				LD_RUNPATH_SEARCH_PATHS = (
					"$(inherited)",
					"@executable_path/Frameworks",
				);
				MARKETING_VERSION = 1.0;
				PRODUCT_BUNDLE_IDENTIFIER = com.mathieu.GestiDogs;
				PRODUCT_NAME = "$(TARGET_NAME)";
				SWIFT_EMIT_LOC_STRINGS = YES;
				SWIFT_VERSION = 5.0;
				TARGETED_DEVICE_FAMILY = "1,2";
			};
			name = Release;
		};
/* End XCBuildConfiguration section */

/* Begin XCConfigurationList section */
		5F8BFD0E2A262CE70007E367 /* Build configuration list for PBXProject "Gestidogs" */ = {
			isa = XCConfigurationList;
			buildConfigurations = (
				5F8BFD1F2A262CE90007E367 /* Debug */,
				5F8BFD202A262CE90007E367 /* Release */,
			);
			defaultConfigurationIsVisible = 0;
			defaultConfigurationName = Release;
		};
		5F8BFD212A262CE90007E367 /* Build configuration list for PBXNativeTarget "Gestidogs" */ = {
			isa = XCConfigurationList;
			buildConfigurations = (
				5F8BFD222A262CE90007E367 /* Debug */,
				5F8BFD232A262CE90007E367 /* Release */,
			);
			defaultConfigurationIsVisible = 0;
			defaultConfigurationName = Release;
		};
/* End XCConfigurationList section */

/* Begin XCRemoteSwiftPackageReference section */
		014E3FEA2A386EF2007C4E2F /* XCRemoteSwiftPackageReference "Interceptor" */ = {
			isa = XCRemoteSwiftPackageReference;
			repositoryURL = "https://github.com/bfernandesbfs/Interceptor.git";
			requirement = {
				kind = upToNextMajorVersion;
				minimumVersion = 0.0.1;
			};
		};
		01AE587A2A4DC6FD00EE3106 /* XCRemoteSwiftPackageReference "EasySkeleton" */ = {
			isa = XCRemoteSwiftPackageReference;
			repositoryURL = "https://github.com/SpectralDragon/EasySkeleton.git";
			requirement = {
				branch = main;
				kind = branch;
			};
		};
		01CC72AC2A408973006433CE /* XCRemoteSwiftPackageReference "lottie-ios" */ = {
			isa = XCRemoteSwiftPackageReference;
			repositoryURL = "https://github.com/airbnb/lottie-ios.git";
			requirement = {
				kind = upToNextMajorVersion;
				minimumVersion = 4.0.0;
			};
		};
/* End XCRemoteSwiftPackageReference section */

/* Begin XCSwiftPackageProductDependency section */
		014E3FEB2A386EF2007C4E2F /* Interceptor */ = {
			isa = XCSwiftPackageProductDependency;
			package = 014E3FEA2A386EF2007C4E2F /* XCRemoteSwiftPackageReference "Interceptor" */;
			productName = Interceptor;
		};
		01AE587B2A4DC6FD00EE3106 /* EasySkeleton */ = {
			isa = XCSwiftPackageProductDependency;
			package = 01AE587A2A4DC6FD00EE3106 /* XCRemoteSwiftPackageReference "EasySkeleton" */;
			productName = EasySkeleton;
		};
		01CC72AD2A408973006433CE /* Lottie */ = {
			isa = XCSwiftPackageProductDependency;
			package = 01CC72AC2A408973006433CE /* XCRemoteSwiftPackageReference "lottie-ios" */;
			productName = Lottie;
		};
/* End XCSwiftPackageProductDependency section */
	};
	rootObject = 5F8BFD0B2A262CE70007E367 /* Project object */;
}
