PODS:
  - FSCalendar (2.8.4)
  - Kingfisher (7.7.0)

DEPENDENCIES:
  - FSCalendar
  - Kingfisher

SPEC REPOS:
  trunk:
    - FSCalendar
    - Kingfisher

SPEC CHECKSUMS:
  FSCalendar: 2d1d0d9398f12d439f55c1fe0f01525b151b8260
  Kingfisher: f043ac666dfc96c1f37604f93effb45a7ee3a3e1

PODFILE CHECKSUM: 0104e1a549a96640877170380e8db2b0ca7f3050

COCOAPODS: 1.11.3
